// !$*UTF8*$!
{
	archiveVersion = 1;
	classes = {
	};
	objectVersion = 50;
	objects = {

/* Begin PBXBuildFile section */
		BA270766209B29D000220B23 /* NMBigImgTitleBtn.m in Sources */ = {isa = PBXBuildFile; fileRef = BA270765209B29D000220B23 /* NMBigImgTitleBtn.m */; };
		BA945D9A209AF9C9001BE9E1 /* NMBlurView.m in Sources */ = {isa = PBXBuildFile; fileRef = BA945D99209AF9C9001BE9E1 /* NMBlurView.m */; };
		BA945DA7209AFC70001BE9E1 /* BeeNetCallback.m in Sources */ = {isa = PBXBuildFile; fileRef = BA945D9D209AFC70001BE9E1 /* BeeNetCallback.m */; };
		BA945DA8209AFC70001BE9E1 /* BeeNet.m in Sources */ = {isa = PBXBuildFile; fileRef = BA945D9E209AFC70001BE9E1 /* BeeNet.m */; };
		BA945DA9209AFC70001BE9E1 /* MD5Utils.m in Sources */ = {isa = PBXBuildFile; fileRef = BA945DA1209AFC70001BE9E1 /* MD5Utils.m */; };
		BA945DAA209AFC70001BE9E1 /* UIColor+BeeColor.m in Sources */ = {isa = PBXBuildFile; fileRef = BA945DA4209AFC70001BE9E1 /* UIColor+BeeColor.m */; };
		BA945DAB209AFC70001BE9E1 /* FileUtils.m in Sources */ = {isa = PBXBuildFile; fileRef = BA945DA6209AFC70001BE9E1 /* FileUtils.m */; };
		BA97C777209FFA9200F61694 /* RegistInfoVC.m in Sources */ = {isa = PBXBuildFile; fileRef = BA97C776209FFA9200F61694 /* RegistInfoVC.m */; };
		BA97C77B20A02C2000F61694 /* HomeTabbarController.m in Sources */ = {isa = PBXBuildFile; fileRef = BA97C77A20A02C2000F61694 /* HomeTabbarController.m */; };
		BA97C78220A0530B00F61694 /* SquareVC.m in Sources */ = {isa = PBXBuildFile; fileRef = BA97C78120A0530B00F61694 /* SquareVC.m */; };
		BAA69EE9209C3FAA005138EA /* FemaleRuleVC.m in Sources */ = {isa = PBXBuildFile; fileRef = BAA69EE8209C3FAA005138EA /* FemaleRuleVC.m */; };
		BAA69EEC209C42A2005138EA /* IdentifyVC.m in Sources */ = {isa = PBXBuildFile; fileRef = BAA69EEB209C42A2005138EA /* IdentifyVC.m */; };
		BAA69EEF209C5744005138EA /* FemaleRuleSelVC.m in Sources */ = {isa = PBXBuildFile; fileRef = BAA69EEE209C5744005138EA /* FemaleRuleSelVC.m */; };
		BAA69EF2209C6D06005138EA /* LoginViewController.m in Sources */ = {isa = PBXBuildFile; fileRef = BAA69EF1209C6D06005138EA /* LoginViewController.m */; };
		BAA69EF8209C6DB1005138EA /* DatePickerVC.m in Sources */ = {isa = PBXBuildFile; fileRef = BAA69EF7209C6DB1005138EA /* DatePickerVC.m */; };
		BAA69EFB209C6DC2005138EA /* CityPickerVC.m in Sources */ = {isa = PBXBuildFile; fileRef = BAA69EFA209C6DC2005138EA /* CityPickerVC.m */; };
		BAB0F784209B07BE00E8CCC7 /* NMRegTextField.m in Sources */ = {isa = PBXBuildFile; fileRef = BAB0F783209B07BE00E8CCC7 /* NMRegTextField.m */; };
		BAB0F788209B0D2D00E8CCC7 /* NMLoginButton.m in Sources */ = {isa = PBXBuildFile; fileRef = BAB0F787209B0D2D00E8CCC7 /* NMLoginButton.m */; };
		BAB0F790209B193600E8CCC7 /* UINavigationBar+CustomBar.m in Sources */ = {isa = PBXBuildFile; fileRef = BAB0F78F209B193600E8CCC7 /* UINavigationBar+CustomBar.m */; };
		BAC1839B209AE0EC00209CCD /* AppDelegate.m in Sources */ = {isa = PBXBuildFile; fileRef = BAC1839A209AE0EC00209CCD /* AppDelegate.m */; };
		BAC183A1209AE0EC00209CCD /* Main.storyboard in Resources */ = {isa = PBXBuildFile; fileRef = BAC1839F209AE0EC00209CCD /* Main.storyboard */; };
		BAC183A3209AE0ED00209CCD /* Assets.xcassets in Resources */ = {isa = PBXBuildFile; fileRef = BAC183A2209AE0ED00209CCD /* Assets.xcassets */; };
		BAC183A6209AE0ED00209CCD /* LaunchScreen.storyboard in Resources */ = {isa = PBXBuildFile; fileRef = BAC183A4209AE0ED00209CCD /* LaunchScreen.storyboard */; };
		BAC183A9209AE0ED00209CCD /* main.m in Sources */ = {isa = PBXBuildFile; fileRef = BAC183A8209AE0ED00209CCD /* main.m */; };
		CEE16743979C1BDA74CDF782 /* libPods-MeMeDa.a in Frameworks */ = {isa = PBXBuildFile; fileRef = 50F29EB7810A38620C992E5A /* libPods-MeMeDa.a */; };
/* End PBXBuildFile section */

/* Begin PBXFileReference section */
		50F29EB7810A38620C992E5A /* libPods-MeMeDa.a */ = {isa = PBXFileReference; explicitFileType = archive.ar; includeInIndex = 0; path = "libPods-MeMeDa.a"; sourceTree = BUILT_PRODUCTS_DIR; };
		63CE5D31645DCA1716B36334 /* Pods-MeMeDa.release.xcconfig */ = {isa = PBXFileReference; includeInIndex = 1; lastKnownFileType = text.xcconfig; name = "Pods-MeMeDa.release.xcconfig"; path = "Pods/Target Support Files/Pods-MeMeDa/Pods-MeMeDa.release.xcconfig"; sourceTree = "<group>"; };
		BA270764209B29D000220B23 /* NMBigImgTitleBtn.h */ = {isa = PBXFileReference; lastKnownFileType = sourcecode.c.h; path = NMBigImgTitleBtn.h; sourceTree = "<group>"; };
		BA270765209B29D000220B23 /* NMBigImgTitleBtn.m */ = {isa = PBXFileReference; lastKnownFileType = sourcecode.c.objc; path = NMBigImgTitleBtn.m; sourceTree = "<group>"; };
		BA945D91209AEC3A001BE9E1 /* PrefixHeader.pch */ = {isa = PBXFileReference; lastKnownFileType = sourcecode.c.h; path = PrefixHeader.pch; sourceTree = "<group>"; };
		BA945D98209AF9C9001BE9E1 /* NMBlurView.h */ = {isa = PBXFileReference; lastKnownFileType = sourcecode.c.h; path = NMBlurView.h; sourceTree = "<group>"; };
		BA945D99209AF9C9001BE9E1 /* NMBlurView.m */ = {isa = PBXFileReference; lastKnownFileType = sourcecode.c.objc; path = NMBlurView.m; sourceTree = "<group>"; };
		BA945D9D209AFC70001BE9E1 /* BeeNetCallback.m */ = {isa = PBXFileReference; fileEncoding = 4; lastKnownFileType = sourcecode.c.objc; path = BeeNetCallback.m; sourceTree = "<group>"; };
		BA945D9E209AFC70001BE9E1 /* BeeNet.m */ = {isa = PBXFileReference; fileEncoding = 4; lastKnownFileType = sourcecode.c.objc; path = BeeNet.m; sourceTree = "<group>"; };
		BA945D9F209AFC70001BE9E1 /* BeeNetCallback.h */ = {isa = PBXFileReference; fileEncoding = 4; lastKnownFileType = sourcecode.c.h; path = BeeNetCallback.h; sourceTree = "<group>"; };
		BA945DA0209AFC70001BE9E1 /* BeeNet.h */ = {isa = PBXFileReference; fileEncoding = 4; lastKnownFileType = sourcecode.c.h; path = BeeNet.h; sourceTree = "<group>"; };
		BA945DA1209AFC70001BE9E1 /* MD5Utils.m */ = {isa = PBXFileReference; fileEncoding = 4; lastKnownFileType = sourcecode.c.objc; path = MD5Utils.m; sourceTree = "<group>"; };
		BA945DA2209AFC70001BE9E1 /* UIColor+BeeColor.h */ = {isa = PBXFileReference; fileEncoding = 4; lastKnownFileType = sourcecode.c.h; path = "UIColor+BeeColor.h"; sourceTree = "<group>"; };
		BA945DA3209AFC70001BE9E1 /* MD5Utils.h */ = {isa = PBXFileReference; fileEncoding = 4; lastKnownFileType = sourcecode.c.h; path = MD5Utils.h; sourceTree = "<group>"; };
		BA945DA4209AFC70001BE9E1 /* UIColor+BeeColor.m */ = {isa = PBXFileReference; fileEncoding = 4; lastKnownFileType = sourcecode.c.objc; path = "UIColor+BeeColor.m"; sourceTree = "<group>"; };
		BA945DA5209AFC70001BE9E1 /* FileUtils.h */ = {isa = PBXFileReference; fileEncoding = 4; lastKnownFileType = sourcecode.c.h; path = FileUtils.h; sourceTree = "<group>"; };
		BA945DA6209AFC70001BE9E1 /* FileUtils.m */ = {isa = PBXFileReference; fileEncoding = 4; lastKnownFileType = sourcecode.c.objc; path = FileUtils.m; sourceTree = "<group>"; };
		BA97C775209FFA9200F61694 /* RegistInfoVC.h */ = {isa = PBXFileReference; lastKnownFileType = sourcecode.c.h; path = RegistInfoVC.h; sourceTree = "<group>"; };
		BA97C776209FFA9200F61694 /* RegistInfoVC.m */ = {isa = PBXFileReference; lastKnownFileType = sourcecode.c.objc; path = RegistInfoVC.m; sourceTree = "<group>"; };
		BA97C77920A02C2000F61694 /* HomeTabbarController.h */ = {isa = PBXFileReference; lastKnownFileType = sourcecode.c.h; path = HomeTabbarController.h; sourceTree = "<group>"; };
		BA97C77A20A02C2000F61694 /* HomeTabbarController.m */ = {isa = PBXFileReference; lastKnownFileType = sourcecode.c.objc; path = HomeTabbarController.m; sourceTree = "<group>"; };
		BA97C78020A0530B00F61694 /* SquareVC.h */ = {isa = PBXFileReference; lastKnownFileType = sourcecode.c.h; path = SquareVC.h; sourceTree = "<group>"; };
		BA97C78120A0530B00F61694 /* SquareVC.m */ = {isa = PBXFileReference; lastKnownFileType = sourcecode.c.objc; path = SquareVC.m; sourceTree = "<group>"; };
		BAA69EE7209C3FAA005138EA /* FemaleRuleVC.h */ = {isa = PBXFileReference; lastKnownFileType = sourcecode.c.h; path = FemaleRuleVC.h; sourceTree = "<group>"; };
		BAA69EE8209C3FAA005138EA /* FemaleRuleVC.m */ = {isa = PBXFileReference; lastKnownFileType = sourcecode.c.objc; path = FemaleRuleVC.m; sourceTree = "<group>"; };
		BAA69EEA209C42A2005138EA /* IdentifyVC.h */ = {isa = PBXFileReference; lastKnownFileType = sourcecode.c.h; path = IdentifyVC.h; sourceTree = "<group>"; };
		BAA69EEB209C42A2005138EA /* IdentifyVC.m */ = {isa = PBXFileReference; lastKnownFileType = sourcecode.c.objc; path = IdentifyVC.m; sourceTree = "<group>"; };
		BAA69EED209C5744005138EA /* FemaleRuleSelVC.h */ = {isa = PBXFileReference; lastKnownFileType = sourcecode.c.h; path = FemaleRuleSelVC.h; sourceTree = "<group>"; };
		BAA69EEE209C5744005138EA /* FemaleRuleSelVC.m */ = {isa = PBXFileReference; lastKnownFileType = sourcecode.c.objc; path = FemaleRuleSelVC.m; sourceTree = "<group>"; };
		BAA69EF0209C6D06005138EA /* LoginViewController.h */ = {isa = PBXFileReference; lastKnownFileType = sourcecode.c.h; path = LoginViewController.h; sourceTree = "<group>"; };
		BAA69EF1209C6D06005138EA /* LoginViewController.m */ = {isa = PBXFileReference; lastKnownFileType = sourcecode.c.objc; path = LoginViewController.m; sourceTree = "<group>"; };
		BAA69EF6209C6DB1005138EA /* DatePickerVC.h */ = {isa = PBXFileReference; lastKnownFileType = sourcecode.c.h; path = DatePickerVC.h; sourceTree = "<group>"; };
		BAA69EF7209C6DB1005138EA /* DatePickerVC.m */ = {isa = PBXFileReference; lastKnownFileType = sourcecode.c.objc; path = DatePickerVC.m; sourceTree = "<group>"; };
		BAA69EF9209C6DC2005138EA /* CityPickerVC.h */ = {isa = PBXFileReference; lastKnownFileType = sourcecode.c.h; path = CityPickerVC.h; sourceTree = "<group>"; };
		BAA69EFA209C6DC2005138EA /* CityPickerVC.m */ = {isa = PBXFileReference; lastKnownFileType = sourcecode.c.objc; path = CityPickerVC.m; sourceTree = "<group>"; };
		BAB0F782209B07BE00E8CCC7 /* NMRegTextField.h */ = {isa = PBXFileReference; lastKnownFileType = sourcecode.c.h; path = NMRegTextField.h; sourceTree = "<group>"; };
		BAB0F783209B07BE00E8CCC7 /* NMRegTextField.m */ = {isa = PBXFileReference; lastKnownFileType = sourcecode.c.objc; path = NMRegTextField.m; sourceTree = "<group>"; };
		BAB0F786209B0D2D00E8CCC7 /* NMLoginButton.h */ = {isa = PBXFileReference; lastKnownFileType = sourcecode.c.h; path = NMLoginButton.h; sourceTree = "<group>"; };
		BAB0F787209B0D2D00E8CCC7 /* NMLoginButton.m */ = {isa = PBXFileReference; lastKnownFileType = sourcecode.c.objc; path = NMLoginButton.m; sourceTree = "<group>"; };
		BAB0F78E209B193600E8CCC7 /* UINavigationBar+CustomBar.h */ = {isa = PBXFileReference; lastKnownFileType = sourcecode.c.h; path = "UINavigationBar+CustomBar.h"; sourceTree = "<group>"; };
		BAB0F78F209B193600E8CCC7 /* UINavigationBar+CustomBar.m */ = {isa = PBXFileReference; lastKnownFileType = sourcecode.c.objc; path = "UINavigationBar+CustomBar.m"; sourceTree = "<group>"; };
		BAC18396209AE0EB00209CCD /* MeMeDa.app */ = {isa = PBXFileReference; explicitFileType = wrapper.application; includeInIndex = 0; path = MeMeDa.app; sourceTree = BUILT_PRODUCTS_DIR; };
		BAC18399209AE0EC00209CCD /* AppDelegate.h */ = {isa = PBXFileReference; lastKnownFileType = sourcecode.c.h; path = AppDelegate.h; sourceTree = "<group>"; };
		BAC1839A209AE0EC00209CCD /* AppDelegate.m */ = {isa = PBXFileReference; lastKnownFileType = sourcecode.c.objc; path = AppDelegate.m; sourceTree = "<group>"; };
		BAC183A0209AE0EC00209CCD /* Base */ = {isa = PBXFileReference; lastKnownFileType = file.storyboard; name = Base; path = Base.lproj/Main.storyboard; sourceTree = "<group>"; };
		BAC183A2209AE0ED00209CCD /* Assets.xcassets */ = {isa = PBXFileReference; lastKnownFileType = folder.assetcatalog; path = Assets.xcassets; sourceTree = "<group>"; };
		BAC183A5209AE0ED00209CCD /* Base */ = {isa = PBXFileReference; lastKnownFileType = file.storyboard; name = Base; path = Base.lproj/LaunchScreen.storyboard; sourceTree = "<group>"; };
		BAC183A7209AE0ED00209CCD /* Info.plist */ = {isa = PBXFileReference; lastKnownFileType = text.plist.xml; path = Info.plist; sourceTree = "<group>"; };
		BAC183A8209AE0ED00209CCD /* main.m */ = {isa = PBXFileReference; lastKnownFileType = sourcecode.c.objc; path = main.m; sourceTree = "<group>"; };
		C54FB2756480206C342E0AEE /* Pods-MeMeDa.debug.xcconfig */ = {isa = PBXFileReference; includeInIndex = 1; lastKnownFileType = text.xcconfig; name = "Pods-MeMeDa.debug.xcconfig"; path = "Pods/Target Support Files/Pods-MeMeDa/Pods-MeMeDa.debug.xcconfig"; sourceTree = "<group>"; };
/* End PBXFileReference section */

/* Begin PBXFrameworksBuildPhase section */
		BAC18393209AE0EB00209CCD /* Frameworks */ = {
			isa = PBXFrameworksBuildPhase;
			buildActionMask = 2147483647;
			files = (
				CEE16743979C1BDA74CDF782 /* libPods-MeMeDa.a in Frameworks */,
			);
			runOnlyForDeploymentPostprocessing = 0;
		};
/* End PBXFrameworksBuildPhase section */

/* Begin PBXGroup section */
		BA945D90209AEC13001BE9E1 /* Profiles */ = {
			isa = PBXGroup;
			children = (
				BAC183A8209AE0ED00209CCD /* main.m */,
				BAC183A7209AE0ED00209CCD /* Info.plist */,
				BAC18399209AE0EC00209CCD /* AppDelegate.h */,
				BAC1839A209AE0EC00209CCD /* AppDelegate.m */,
				BA945D91209AEC3A001BE9E1 /* PrefixHeader.pch */,
			);
			path = Profiles;
			sourceTree = "<group>";
		};
		BA945D92209AEDCF001BE9E1 /* Entrance */ = {
			isa = PBXGroup;
			children = (
				BA97C77820A02BE000F61694 /* Home */,
				BAA69EE5209C3F0A005138EA /* Login */,
			);
			path = Entrance;
			sourceTree = "<group>";
		};
		BA945D96209AF98C001BE9E1 /* Utils */ = {
			isa = PBXGroup;
			children = (
				BA945D9B209AFBFC001BE9E1 /* Tools */,
				BA945D97209AF999001BE9E1 /* Views */,
			);
			path = Utils;
			sourceTree = "<group>";
		};
		BA945D97209AF999001BE9E1 /* Views */ = {
			isa = PBXGroup;
			children = (
				BAB0F791209B1E2700E8CCC7 /* Public */,
				BAB0F785209B0CF200E8CCC7 /* Explicit Views */,
				BAB0F78E209B193600E8CCC7 /* UINavigationBar+CustomBar.h */,
				BAB0F78F209B193600E8CCC7 /* UINavigationBar+CustomBar.m */,
			);
			path = Views;
			sourceTree = "<group>";
		};
		BA945D9B209AFBFC001BE9E1 /* Tools */ = {
			isa = PBXGroup;
			children = (
				BA945D9C209AFC70001BE9E1 /* BeeNet */,
				BA945DA5209AFC70001BE9E1 /* FileUtils.h */,
				BA945DA6209AFC70001BE9E1 /* FileUtils.m */,
				BA945DA3209AFC70001BE9E1 /* MD5Utils.h */,
				BA945DA1209AFC70001BE9E1 /* MD5Utils.m */,
				BA945DA2209AFC70001BE9E1 /* UIColor+BeeColor.h */,
				BA945DA4209AFC70001BE9E1 /* UIColor+BeeColor.m */,
			);
			path = Tools;
			sourceTree = "<group>";
		};
		BA945D9C209AFC70001BE9E1 /* BeeNet */ = {
			isa = PBXGroup;
			children = (
				BA945D9D209AFC70001BE9E1 /* BeeNetCallback.m */,
				BA945D9E209AFC70001BE9E1 /* BeeNet.m */,
				BA945D9F209AFC70001BE9E1 /* BeeNetCallback.h */,
				BA945DA0209AFC70001BE9E1 /* BeeNet.h */,
			);
			path = BeeNet;
			sourceTree = "<group>";
		};
		BA97C77820A02BE000F61694 /* Home */ = {
			isa = PBXGroup;
			children = (
				BA97C77C20A0438C00F61694 /* Square */,
				BA97C77920A02C2000F61694 /* HomeTabbarController.h */,
				BA97C77A20A02C2000F61694 /* HomeTabbarController.m */,
			);
			path = Home;
			sourceTree = "<group>";
		};
		BA97C77C20A0438C00F61694 /* Square */ = {
			isa = PBXGroup;
			children = (
				BA97C78020A0530B00F61694 /* SquareVC.h */,
				BA97C78120A0530B00F61694 /* SquareVC.m */,
			);
			path = Square;
			sourceTree = "<group>";
		};
		BAA69EE5209C3F0A005138EA /* Login */ = {
			isa = PBXGroup;
			children = (
				BAA69EF3209C6D6D005138EA /* Register */,
				BAA69EF0209C6D06005138EA /* LoginViewController.h */,
				BAA69EF1209C6D06005138EA /* LoginViewController.m */,
			);
			path = Login;
			sourceTree = "<group>";
		};
		BAA69EE6209C3F6D005138EA /* Female Only */ = {
			isa = PBXGroup;
			children = (
				BAA69EE7209C3FAA005138EA /* FemaleRuleVC.h */,
				BAA69EE8209C3FAA005138EA /* FemaleRuleVC.m */,
				BAA69EEA209C42A2005138EA /* IdentifyVC.h */,
				BAA69EEB209C42A2005138EA /* IdentifyVC.m */,
				BAA69EED209C5744005138EA /* FemaleRuleSelVC.h */,
				BAA69EEE209C5744005138EA /* FemaleRuleSelVC.m */,
			);
			path = "Female Only";
			sourceTree = "<group>";
		};
		BAA69EF3209C6D6D005138EA /* Register */ = {
			isa = PBXGroup;
			children = (
				BAA69EF4209C6D82005138EA /* Infomation */,
				BAA69EE6209C3F6D005138EA /* Female Only */,
			);
			path = Register;
			sourceTree = "<group>";
		};
		BAA69EF4209C6D82005138EA /* Infomation */ = {
			isa = PBXGroup;
			children = (
				BAA69EF5209C6D97005138EA /* Picker */,
				BA97C775209FFA9200F61694 /* RegistInfoVC.h */,
				BA97C776209FFA9200F61694 /* RegistInfoVC.m */,
			);
			path = Infomation;
			sourceTree = "<group>";
		};
		BAA69EF5209C6D97005138EA /* Picker */ = {
			isa = PBXGroup;
			children = (
				BAA69EF6209C6DB1005138EA /* DatePickerVC.h */,
				BAA69EF7209C6DB1005138EA /* DatePickerVC.m */,
				BAA69EF9209C6DC2005138EA /* CityPickerVC.h */,
				BAA69EFA209C6DC2005138EA /* CityPickerVC.m */,
			);
			path = Picker;
			sourceTree = "<group>";
		};
		BAB0F785209B0CF200E8CCC7 /* Explicit Views */ = {
			isa = PBXGroup;
			children = (
				BAB0F786209B0D2D00E8CCC7 /* NMLoginButton.h */,
				BAB0F787209B0D2D00E8CCC7 /* NMLoginButton.m */,
				BA270764209B29D000220B23 /* NMBigImgTitleBtn.h */,
				BA270765209B29D000220B23 /* NMBigImgTitleBtn.m */,
			);
			path = "Explicit Views";
			sourceTree = "<group>";
		};
		BAB0F791209B1E2700E8CCC7 /* Public */ = {
			isa = PBXGroup;
			children = (
				BA945D98209AF9C9001BE9E1 /* NMBlurView.h */,
				BA945D99209AF9C9001BE9E1 /* NMBlurView.m */,
				BAB0F782209B07BE00E8CCC7 /* NMRegTextField.h */,
				BAB0F783209B07BE00E8CCC7 /* NMRegTextField.m */,
			);
			path = Public;
			sourceTree = "<group>";
		};
		BAC1838D209AE0EB00209CCD = {
			isa = PBXGroup;
			children = (
				BAC18398209AE0EB00209CCD /* MeMeDa */,
				BAC18397209AE0EB00209CCD /* Products */,
				BEFF11BBAFA04AD84552D84D /* Pods */,
				EB5D61D2B668D0FBF80F7471 /* Frameworks */,
			);
			sourceTree = "<group>";
		};
		BAC18397209AE0EB00209CCD /* Products */ = {
			isa = PBXGroup;
			children = (
				BAC18396209AE0EB00209CCD /* MeMeDa.app */,
			);
			name = Products;
			sourceTree = "<group>";
		};
		BAC18398209AE0EB00209CCD /* MeMeDa */ = {
			isa = PBXGroup;
			children = (
				BA945D96209AF98C001BE9E1 /* Utils */,
				BA945D92209AEDCF001BE9E1 /* Entrance */,
				BA945D90209AEC13001BE9E1 /* Profiles */,
				BAC1839F209AE0EC00209CCD /* Main.storyboard */,
				BAC183A2209AE0ED00209CCD /* Assets.xcassets */,
				BAC183A4209AE0ED00209CCD /* LaunchScreen.storyboard */,
			);
			path = MeMeDa;
			sourceTree = "<group>";
		};
		BEFF11BBAFA04AD84552D84D /* Pods */ = {
			isa = PBXGroup;
			children = (
				C54FB2756480206C342E0AEE /* Pods-MeMeDa.debug.xcconfig */,
				63CE5D31645DCA1716B36334 /* Pods-MeMeDa.release.xcconfig */,
			);
			name = Pods;
			sourceTree = "<group>";
		};
		EB5D61D2B668D0FBF80F7471 /* Frameworks */ = {
			isa = PBXGroup;
			children = (
				50F29EB7810A38620C992E5A /* libPods-MeMeDa.a */,
			);
			name = Frameworks;
			sourceTree = "<group>";
		};
/* End PBXGroup section */

/* Begin PBXNativeTarget section */
		BAC18395209AE0EB00209CCD /* MeMeDa */ = {
			isa = PBXNativeTarget;
			buildConfigurationList = BAC183AC209AE0ED00209CCD /* Build configuration list for PBXNativeTarget "MeMeDa" */;
			buildPhases = (
				5A8801EF229D2AA4F7A17C20 /* [CP] Check Pods Manifest.lock */,
				BAC18392209AE0EB00209CCD /* Sources */,
				BAC18393209AE0EB00209CCD /* Frameworks */,
				BAC18394209AE0EB00209CCD /* Resources */,
				EC9B59BAB136197084A0C846 /* [CP] Copy Pods Resources */,
			);
			buildRules = (
			);
			dependencies = (
			);
			name = MeMeDa;
			productName = MeMeDa;
			productReference = BAC18396209AE0EB00209CCD /* MeMeDa.app */;
			productType = "com.apple.product-type.application";
		};
/* End PBXNativeTarget section */

/* Begin PBXProject section */
		BAC1838E209AE0EB00209CCD /* Project object */ = {
			isa = PBXProject;
			attributes = {
				LastUpgradeCheck = 0930;
				ORGANIZATIONNAME = "镓洲 王";
				TargetAttributes = {
					BAC18395209AE0EB00209CCD = {
						CreatedOnToolsVersion = 9.3;
					};
				};
			};
			buildConfigurationList = BAC18391209AE0EB00209CCD /* Build configuration list for PBXProject "MeMeDa" */;
			compatibilityVersion = "Xcode 9.3";
			developmentRegion = en;
			hasScannedForEncodings = 0;
			knownRegions = (
				en,
				Base,
			);
			mainGroup = BAC1838D209AE0EB00209CCD;
			productRefGroup = BAC18397209AE0EB00209CCD /* Products */;
			projectDirPath = "";
			projectRoot = "";
			targets = (
				BAC18395209AE0EB00209CCD /* MeMeDa */,
			);
		};
/* End PBXProject section */

/* Begin PBXResourcesBuildPhase section */
		BAC18394209AE0EB00209CCD /* Resources */ = {
			isa = PBXResourcesBuildPhase;
			buildActionMask = 2147483647;
			files = (
				BAC183A6209AE0ED00209CCD /* LaunchScreen.storyboard in Resources */,
				BAC183A3209AE0ED00209CCD /* Assets.xcassets in Resources */,
				BAC183A1209AE0EC00209CCD /* Main.storyboard in Resources */,
			);
			runOnlyForDeploymentPostprocessing = 0;
		};
/* End PBXResourcesBuildPhase section */

/* Begin PBXShellScriptBuildPhase section */
		5A8801EF229D2AA4F7A17C20 /* [CP] Check Pods Manifest.lock */ = {
			isa = PBXShellScriptBuildPhase;
			buildActionMask = 2147483647;
			files = (
			);
			inputPaths = (
				"${PODS_PODFILE_DIR_PATH}/Podfile.lock",
				"${PODS_ROOT}/Manifest.lock",
			);
			name = "[CP] Check Pods Manifest.lock";
			outputPaths = (
				"$(DERIVED_FILE_DIR)/Pods-MeMeDa-checkManifestLockResult.txt",
			);
			runOnlyForDeploymentPostprocessing = 0;
			shellPath = /bin/sh;
			shellScript = "diff \"${PODS_PODFILE_DIR_PATH}/Podfile.lock\" \"${PODS_ROOT}/Manifest.lock\" > /dev/null\nif [ $? != 0 ] ; then\n    # print error to STDERR\n    echo \"error: The sandbox is not in sync with the Podfile.lock. Run 'pod install' or update your CocoaPods installation.\" >&2\n    exit 1\nfi\n# This output is used by Xcode 'outputs' to avoid re-running this script phase.\necho \"SUCCESS\" > \"${SCRIPT_OUTPUT_FILE_0}\"\n";
			showEnvVarsInLog = 0;
		};
		EC9B59BAB136197084A0C846 /* [CP] Copy Pods Resources */ = {
			isa = PBXShellScriptBuildPhase;
			buildActionMask = 2147483647;
			files = (
			);
			inputPaths = (
				"${SRCROOT}/Pods/Target Support Files/Pods-MeMeDa/Pods-MeMeDa-resources.sh",
				"${PODS_ROOT}/IQKeyboardManager/IQKeyboardManager/Resources/IQKeyboardManager.bundle",
				"${PODS_ROOT}/SVProgressHUD/SVProgressHUD/SVProgressHUD.bundle",
			);
			name = "[CP] Copy Pods Resources";
			outputPaths = (
				"${TARGET_BUILD_DIR}/${UNLOCALIZED_RESOURCES_FOLDER_PATH}/IQKeyboardManager.bundle",
				"${TARGET_BUILD_DIR}/${UNLOCALIZED_RESOURCES_FOLDER_PATH}/SVProgressHUD.bundle",
			);
			runOnlyForDeploymentPostprocessing = 0;
			shellPath = /bin/sh;
			shellScript = "\"${SRCROOT}/Pods/Target Support Files/Pods-MeMeDa/Pods-MeMeDa-resources.sh\"\n";
			showEnvVarsInLog = 0;
		};
/* End PBXShellScriptBuildPhase section */

/* Begin PBXSourcesBuildPhase section */
		BAC18392209AE0EB00209CCD /* Sources */ = {
			isa = PBXSourcesBuildPhase;
			buildActionMask = 2147483647;
			files = (
				BAA69EF8209C6DB1005138EA /* DatePickerVC.m in Sources */,
				BAA69EFB209C6DC2005138EA /* CityPickerVC.m in Sources */,
				BA945DAA209AFC70001BE9E1 /* UIColor+BeeColor.m in Sources */,
				BAC183A9209AE0ED00209CCD /* main.m in Sources */,
				BA945DA9209AFC70001BE9E1 /* MD5Utils.m in Sources */,
				BA97C777209FFA9200F61694 /* RegistInfoVC.m in Sources */,
				BAA69EEC209C42A2005138EA /* IdentifyVC.m in Sources */,
				BA945DAB209AFC70001BE9E1 /* FileUtils.m in Sources */,
				BAB0F790209B193600E8CCC7 /* UINavigationBar+CustomBar.m in Sources */,
				BAC1839B209AE0EC00209CCD /* AppDelegate.m in Sources */,
				BAA69EF2209C6D06005138EA /* LoginViewController.m in Sources */,
				BAA69EE9209C3FAA005138EA /* FemaleRuleVC.m in Sources */,
				BA945DA8209AFC70001BE9E1 /* BeeNet.m in Sources */,
				BA97C78220A0530B00F61694 /* SquareVC.m in Sources */,
				BA945DA7209AFC70001BE9E1 /* BeeNetCallback.m in Sources */,
				BAB0F784209B07BE00E8CCC7 /* NMRegTextField.m in Sources */,
				BAA69EEF209C5744005138EA /* FemaleRuleSelVC.m in Sources */,
				BA270766209B29D000220B23 /* NMBigImgTitleBtn.m in Sources */,
				BA945D9A209AF9C9001BE9E1 /* NMBlurView.m in Sources */,
				BA97C77B20A02C2000F61694 /* HomeTabbarController.m in Sources */,
				BAB0F788209B0D2D00E8CCC7 /* NMLoginButton.m in Sources */,
			);
			runOnlyForDeploymentPostprocessing = 0;
		};
/* End PBXSourcesBuildPhase section */

/* Begin PBXVariantGroup section */
		BAC1839F209AE0EC00209CCD /* Main.storyboard */ = {
			isa = PBXVariantGroup;
			children = (
				BAC183A0209AE0EC00209CCD /* Base */,
			);
			name = Main.storyboard;
			sourceTree = "<group>";
		};
		BAC183A4209AE0ED00209CCD /* LaunchScreen.storyboard */ = {
			isa = PBXVariantGroup;
			children = (
				BAC183A5209AE0ED00209CCD /* Base */,
			);
			name = LaunchScreen.storyboard;
			sourceTree = "<group>";
		};
/* End PBXVariantGroup section */

/* Begin XCBuildConfiguration section */
		BAC183AA209AE0ED00209CCD /* Debug */ = {
			isa = XCBuildConfiguration;
			buildSettings = {
				ALWAYS_SEARCH_USER_PATHS = NO;
				CLANG_ANALYZER_NONNULL = YES;
				CLANG_ANALYZER_NUMBER_OBJECT_CONVERSION = YES_AGGRESSIVE;
				CLANG_CXX_LANGUAGE_STANDARD = "gnu++14";
				CLANG_CXX_LIBRARY = "libc++";
				CLANG_ENABLE_MODULES = YES;
				CLANG_ENABLE_OBJC_ARC = YES;
				CLANG_ENABLE_OBJC_WEAK = YES;
				CLANG_WARN_BLOCK_CAPTURE_AUTORELEASING = YES;
				CLANG_WARN_BOOL_CONVERSION = YES;
				CLANG_WARN_COMMA = YES;
				CLANG_WARN_CONSTANT_CONVERSION = YES;
				CLANG_WARN_DEPRECATED_OBJC_IMPLEMENTATIONS = YES;
				CLANG_WARN_DIRECT_OBJC_ISA_USAGE = YES_ERROR;
				CLANG_WARN_DOCUMENTATION_COMMENTS = YES;
				CLANG_WARN_EMPTY_BODY = YES;
				CLANG_WARN_ENUM_CONVERSION = YES;
				CLANG_WARN_INFINITE_RECURSION = YES;
				CLANG_WARN_INT_CONVERSION = YES;
				CLANG_WARN_NON_LITERAL_NULL_CONVERSION = YES;
				CLANG_WARN_OBJC_IMPLICIT_RETAIN_SELF = YES;
				CLANG_WARN_OBJC_LITERAL_CONVERSION = YES;
				CLANG_WARN_OBJC_ROOT_CLASS = YES_ERROR;
				CLANG_WARN_RANGE_LOOP_ANALYSIS = YES;
				CLANG_WARN_STRICT_PROTOTYPES = YES;
				CLANG_WARN_SUSPICIOUS_MOVE = YES;
				CLANG_WARN_UNGUARDED_AVAILABILITY = YES_AGGRESSIVE;
				CLANG_WARN_UNREACHABLE_CODE = YES;
				CLANG_WARN__DUPLICATE_METHOD_MATCH = YES;
				CODE_SIGN_IDENTITY = "iPhone Developer";
				COPY_PHASE_STRIP = NO;
				DEBUG_INFORMATION_FORMAT = dwarf;
				ENABLE_STRICT_OBJC_MSGSEND = YES;
				ENABLE_TESTABILITY = YES;
				GCC_C_LANGUAGE_STANDARD = gnu11;
				GCC_DYNAMIC_NO_PIC = NO;
				GCC_NO_COMMON_BLOCKS = YES;
				GCC_OPTIMIZATION_LEVEL = 0;
				GCC_PREPROCESSOR_DEFINITIONS = (
					"DEBUG=1",
					"$(inherited)",
				);
				GCC_WARN_64_TO_32_BIT_CONVERSION = YES;
				GCC_WARN_ABOUT_RETURN_TYPE = YES_ERROR;
				GCC_WARN_UNDECLARED_SELECTOR = YES;
				GCC_WARN_UNINITIALIZED_AUTOS = YES_AGGRESSIVE;
				GCC_WARN_UNUSED_FUNCTION = YES;
				GCC_WARN_UNUSED_VARIABLE = YES;
				IPHONEOS_DEPLOYMENT_TARGET = 8.0;
				MTL_ENABLE_DEBUG_INFO = YES;
				ONLY_ACTIVE_ARCH = YES;
				SDKROOT = iphoneos;
			};
			name = Debug;
		};
		BAC183AB209AE0ED00209CCD /* Release */ = {
			isa = XCBuildConfiguration;
			buildSettings = {
				ALWAYS_SEARCH_USER_PATHS = NO;
				CLANG_ANALYZER_NONNULL = YES;
				CLANG_ANALYZER_NUMBER_OBJECT_CONVERSION = YES_AGGRESSIVE;
				CLANG_CXX_LANGUAGE_STANDARD = "gnu++14";
				CLANG_CXX_LIBRARY = "libc++";
				CLANG_ENABLE_MODULES = YES;
				CLANG_ENABLE_OBJC_ARC = YES;
				CLANG_ENABLE_OBJC_WEAK = YES;
				CLANG_WARN_BLOCK_CAPTURE_AUTORELEASING = YES;
				CLANG_WARN_BOOL_CONVERSION = YES;
				CLANG_WARN_COMMA = YES;
				CLANG_WARN_CONSTANT_CONVERSION = YES;
				CLANG_WARN_DEPRECATED_OBJC_IMPLEMENTATIONS = YES;
				CLANG_WARN_DIRECT_OBJC_ISA_USAGE = YES_ERROR;
				CLANG_WARN_DOCUMENTATION_COMMENTS = YES;
				CLANG_WARN_EMPTY_BODY = YES;
				CLANG_WARN_ENUM_CONVERSION = YES;
				CLANG_WARN_INFINITE_RECURSION = YES;
				CLANG_WARN_INT_CONVERSION = YES;
				CLANG_WARN_NON_LITERAL_NULL_CONVERSION = YES;
				CLANG_WARN_OBJC_IMPLICIT_RETAIN_SELF = YES;
				CLANG_WARN_OBJC_LITERAL_CONVERSION = YES;
				CLANG_WARN_OBJC_ROOT_CLASS = YES_ERROR;
				CLANG_WARN_RANGE_LOOP_ANALYSIS = YES;
				CLANG_WARN_STRICT_PROTOTYPES = YES;
				CLANG_WARN_SUSPICIOUS_MOVE = YES;
				CLANG_WARN_UNGUARDED_AVAILABILITY = YES_AGGRESSIVE;
				CLANG_WARN_UNREACHABLE_CODE = YES;
				CLANG_WARN__DUPLICATE_METHOD_MATCH = YES;
				CODE_SIGN_IDENTITY = "iPhone Developer";
				COPY_PHASE_STRIP = NO;
				DEBUG_INFORMATION_FORMAT = "dwarf-with-dsym";
				ENABLE_NS_ASSERTIONS = NO;
				ENABLE_STRICT_OBJC_MSGSEND = YES;
				GCC_C_LANGUAGE_STANDARD = gnu11;
				GCC_NO_COMMON_BLOCKS = YES;
				GCC_WARN_64_TO_32_BIT_CONVERSION = YES;
				GCC_WARN_ABOUT_RETURN_TYPE = YES_ERROR;
				GCC_WARN_UNDECLARED_SELECTOR = YES;
				GCC_WARN_UNINITIALIZED_AUTOS = YES_AGGRESSIVE;
				GCC_WARN_UNUSED_FUNCTION = YES;
				GCC_WARN_UNUSED_VARIABLE = YES;
				IPHONEOS_DEPLOYMENT_TARGET = 8.0;
				MTL_ENABLE_DEBUG_INFO = NO;
				SDKROOT = iphoneos;
				VALIDATE_PRODUCT = YES;
			};
			name = Release;
		};
		BAC183AD209AE0ED00209CCD /* Debug */ = {
			isa = XCBuildConfiguration;
			baseConfigurationReference = C54FB2756480206C342E0AEE /* Pods-MeMeDa.debug.xcconfig */;
			buildSettings = {
				ASSETCATALOG_COMPILER_APPICON_NAME = AppIcon;
				CODE_SIGN_STYLE = Automatic;
				DEVELOPMENT_TEAM = TYMF5CRH3T;
				GCC_PRECOMPILE_PREFIX_HEADER = YES;
				GCC_PREFIX_HEADER = "$(SRCROOT)/MeMeDa/Profiles/PrefixHeader.pch";
				INFOPLIST_FILE = "$(SRCROOT)/MeMeDa/Profiles/Info.plist";
				LD_RUNPATH_SEARCH_PATHS = (
					"$(inherited)",
					"@executable_path/Frameworks",
				);
				PRODUCT_BUNDLE_IDENTIFIER = com.nemo.MMDa.MeMeDa;
				PRODUCT_NAME = "$(TARGET_NAME)";
				TARGETED_DEVICE_FAMILY = "1,2";
			};
			name = Debug;
		};
		BAC183AE209AE0ED00209CCD /* Release */ = {
			isa = XCBuildConfiguration;
			baseConfigurationReference = 63CE5D31645DCA1716B36334 /* Pods-MeMeDa.release.xcconfig */;
			buildSettings = {
				ASSETCATALOG_COMPILER_APPICON_NAME = AppIcon;
				CODE_SIGN_STYLE = Automatic;
				DEVELOPMENT_TEAM = TYMF5CRH3T;
				GCC_PRECOMPILE_PREFIX_HEADER = YES;
				GCC_PREFIX_HEADER = "$(SRCROOT)/MeMeDa/Profiles/PrefixHeader.pch";
				INFOPLIST_FILE = "$(SRCROOT)/MeMeDa/Profiles/Info.plist";
				LD_RUNPATH_SEARCH_PATHS = (
					"$(inherited)",
					"@executable_path/Frameworks",
				);
				PRODUCT_BUNDLE_IDENTIFIER = com.nemo.MMDa.MeMeDa;
				PRODUCT_NAME = "$(TARGET_NAME)";
				TARGETED_DEVICE_FAMILY = "1,2";
			};
			name = Release;
		};
/* End XCBuildConfiguration section */

/* Begin XCConfigurationList section */
		BAC18391209AE0EB00209CCD /* Build configuration list for PBXProject "MeMeDa" */ = {
			isa = XCConfigurationList;
			buildConfigurations = (
				BAC183AA209AE0ED00209CCD /* Debug */,
				BAC183AB209AE0ED00209CCD /* Release */,
			);
			defaultConfigurationIsVisible = 0;
			defaultConfigurationName = Release;
		};
		BAC183AC209AE0ED00209CCD /* Build configuration list for PBXNativeTarget "MeMeDa" */ = {
			isa = XCConfigurationList;
			buildConfigurations = (
				BAC183AD209AE0ED00209CCD /* Debug */,
				BAC183AE209AE0ED00209CCD /* Release */,
			);
			defaultConfigurationIsVisible = 0;
			defaultConfigurationName = Release;
		};
/* End XCConfigurationList section */
	};
	rootObject = BAC1838E209AE0EB00209CCD /* Project object */;
}
