// !$*UTF8*$!
{
	archiveVersion = 1;
	classes = {
	};
	objectVersion = 50;
	objects = {

/* Begin PBXBuildFile section */
		BA270766209B29D000220B23 /* NMBigImgTitleBtn.m in Sources */ = {isa = PBXBuildFile; fileRef = BA270765209B29D000220B23 /* NMBigImgTitleBtn.m */; };
		BA36518520A41987002B6C62 /* HomeSNSVC.m in Sources */ = {isa = PBXBuildFile; fileRef = BA36518420A41987002B6C62 /* HomeSNSVC.m */; };
		BA36518820A42705002B6C62 /* Baoli-SC-Regular.ttf in Resources */ = {isa = PBXBuildFile; fileRef = BA36518720A42702002B6C62 /* Baoli-SC-Regular.ttf */; };
		BA36518C20A42C0E002B6C62 /* RankPresentVC.m in Sources */ = {isa = PBXBuildFile; fileRef = BA36518B20A42C0E002B6C62 /* RankPresentVC.m */; };
		BA36519020A43408002B6C62 /* RankPicCollectionCell.m in Sources */ = {isa = PBXBuildFile; fileRef = BA36518F20A43408002B6C62 /* RankPicCollectionCell.m */; };
		BA36519420A43462002B6C62 /* RankPicCollectVC.m in Sources */ = {isa = PBXBuildFile; fileRef = BA36519320A43462002B6C62 /* RankPicCollectVC.m */; };
		BA39ACF120AC1FD8001EC158 /* MeCenterViewController.m in Sources */ = {isa = PBXBuildFile; fileRef = BA39ACF020AC1FD8001EC158 /* MeCenterViewController.m */; };
		BA39ACF520AC22C8001EC158 /* MeThemeVC.m in Sources */ = {isa = PBXBuildFile; fileRef = BA39ACF420AC22C8001EC158 /* MeThemeVC.m */; };
		BA39ACF920AC2F9C001EC158 /* MeMomentVC.m in Sources */ = {isa = PBXBuildFile; fileRef = BA39ACF820AC2F9C001EC158 /* MeMomentVC.m */; };
		BA39ACFC20AC3083001EC158 /* MeMommentCollectionCell.m in Sources */ = {isa = PBXBuildFile; fileRef = BA39ACFB20AC3083001EC158 /* MeMommentCollectionCell.m */; };
		BA39AD0120AC3882001EC158 /* NewMomentVC.m in Sources */ = {isa = PBXBuildFile; fileRef = BA39AD0020AC3882001EC158 /* NewMomentVC.m */; };
		BA86CA0C20A1402600F21980 /* SquareHeaderCarousel.m in Sources */ = {isa = PBXBuildFile; fileRef = BA86CA0B20A1402600F21980 /* SquareHeaderCarousel.m */; };
		BA86CA0F20A1636D00F21980 /* SquareHeaderCell.m in Sources */ = {isa = PBXBuildFile; fileRef = BA86CA0E20A1636D00F21980 /* SquareHeaderCell.m */; };
		BA86CA1220A1638B00F21980 /* SquareListCell.m in Sources */ = {isa = PBXBuildFile; fileRef = BA86CA1120A1638B00F21980 /* SquareListCell.m */; };
		BA86CA1620A1712600F21980 /* SquareSearchVC.m in Sources */ = {isa = PBXBuildFile; fileRef = BA86CA1520A1712600F21980 /* SquareSearchVC.m */; };
		BA945D9A209AF9C9001BE9E1 /* NMBlurView.m in Sources */ = {isa = PBXBuildFile; fileRef = BA945D99209AF9C9001BE9E1 /* NMBlurView.m */; };
		BA945DA7209AFC70001BE9E1 /* BeeNetCallback.m in Sources */ = {isa = PBXBuildFile; fileRef = BA945D9D209AFC70001BE9E1 /* BeeNetCallback.m */; };
		BA945DA8209AFC70001BE9E1 /* BeeNet.m in Sources */ = {isa = PBXBuildFile; fileRef = BA945D9E209AFC70001BE9E1 /* BeeNet.m */; };
		BA945DA9209AFC70001BE9E1 /* MD5Utils.m in Sources */ = {isa = PBXBuildFile; fileRef = BA945DA1209AFC70001BE9E1 /* MD5Utils.m */; };
		BA945DAA209AFC70001BE9E1 /* UIColor+BeeColor.m in Sources */ = {isa = PBXBuildFile; fileRef = BA945DA4209AFC70001BE9E1 /* UIColor+BeeColor.m */; };
		BA945DAB209AFC70001BE9E1 /* FileUtils.m in Sources */ = {isa = PBXBuildFile; fileRef = BA945DA6209AFC70001BE9E1 /* FileUtils.m */; };
		BA97C777209FFA9200F61694 /* RegistInfoVC.m in Sources */ = {isa = PBXBuildFile; fileRef = BA97C776209FFA9200F61694 /* RegistInfoVC.m */; };
		BA97C77B20A02C2000F61694 /* HomeTabbarController.m in Sources */ = {isa = PBXBuildFile; fileRef = BA97C77A20A02C2000F61694 /* HomeTabbarController.m */; };
		BA97C78220A0530B00F61694 /* SquareVC.m in Sources */ = {isa = PBXBuildFile; fileRef = BA97C78120A0530B00F61694 /* SquareVC.m */; };
		BAA69EE9209C3FAA005138EA /* FemaleRuleVC.m in Sources */ = {isa = PBXBuildFile; fileRef = BAA69EE8209C3FAA005138EA /* FemaleRuleVC.m */; };
		BAA69EEC209C42A2005138EA /* IdentifyVC.m in Sources */ = {isa = PBXBuildFile; fileRef = BAA69EEB209C42A2005138EA /* IdentifyVC.m */; };
		BAA69EEF209C5744005138EA /* FemaleRuleSelVC.m in Sources */ = {isa = PBXBuildFile; fileRef = BAA69EEE209C5744005138EA /* FemaleRuleSelVC.m */; };
		BAA69EF2209C6D06005138EA /* LoginViewController.m in Sources */ = {isa = PBXBuildFile; fileRef = BAA69EF1209C6D06005138EA /* LoginViewController.m */; };
		BAA69EF8209C6DB1005138EA /* DatePickerVC.m in Sources */ = {isa = PBXBuildFile; fileRef = BAA69EF7209C6DB1005138EA /* DatePickerVC.m */; };
		BAA69EFB209C6DC2005138EA /* CityPickerVC.m in Sources */ = {isa = PBXBuildFile; fileRef = BAA69EFA209C6DC2005138EA /* CityPickerVC.m */; };
		BAB0F784209B07BE00E8CCC7 /* NMRegTextField.m in Sources */ = {isa = PBXBuildFile; fileRef = BAB0F783209B07BE00E8CCC7 /* NMRegTextField.m */; };
		BAB0F788209B0D2D00E8CCC7 /* NMLoginButton.m in Sources */ = {isa = PBXBuildFile; fileRef = BAB0F787209B0D2D00E8CCC7 /* NMLoginButton.m */; };
		BAB0F790209B193600E8CCC7 /* UINavigationBar+CustomBar.m in Sources */ = {isa = PBXBuildFile; fileRef = BAB0F78F209B193600E8CCC7 /* UINavigationBar+CustomBar.m */; };
		BAC1839B209AE0EC00209CCD /* AppDelegate.m in Sources */ = {isa = PBXBuildFile; fileRef = BAC1839A209AE0EC00209CCD /* AppDelegate.m */; };
		BAC183A1209AE0EC00209CCD /* Main.storyboard in Resources */ = {isa = PBXBuildFile; fileRef = BAC1839F209AE0EC00209CCD /* Main.storyboard */; };
		BAC183A3209AE0ED00209CCD /* Assets.xcassets in Resources */ = {isa = PBXBuildFile; fileRef = BAC183A2209AE0ED00209CCD /* Assets.xcassets */; };
		BAC183A6209AE0ED00209CCD /* LaunchScreen.storyboard in Resources */ = {isa = PBXBuildFile; fileRef = BAC183A4209AE0ED00209CCD /* LaunchScreen.storyboard */; };
		BAC183A9209AE0ED00209CCD /* main.m in Sources */ = {isa = PBXBuildFile; fileRef = BAC183A8209AE0ED00209CCD /* main.m */; };
		BAEE7FBB20A2D3C3000EA5E4 /* BorderAndTransLabel.m in Sources */ = {isa = PBXBuildFile; fileRef = BAEE7FBA20A2D3C3000EA5E4 /* BorderAndTransLabel.m */; };
		BAEE7FBF20A2D5C5000EA5E4 /* SquareListVC.m in Sources */ = {isa = PBXBuildFile; fileRef = BAEE7FBE20A2D5C5000EA5E4 /* SquareListVC.m */; };
		BAEE7FC320A2D61B000EA5E4 /* SquareListGirlsCell.m in Sources */ = {isa = PBXBuildFile; fileRef = BAEE7FC220A2D61B000EA5E4 /* SquareListGirlsCell.m */; };
		BAEE7FC620A2D9DF000EA5E4 /* SearchTextField.m in Sources */ = {isa = PBXBuildFile; fileRef = BAEE7FC520A2D9DF000EA5E4 /* SearchTextField.m */; };
		BAEE7FCA20A2DD85000EA5E4 /* SquareSearchHistoryCell.m in Sources */ = {isa = PBXBuildFile; fileRef = BAEE7FC920A2DD85000EA5E4 /* SquareSearchHistoryCell.m */; };
		BAEE7FD020A2E1A3000EA5E4 /* SquareSearchGenderButton.m in Sources */ = {isa = PBXBuildFile; fileRef = BAEE7FCF20A2E1A3000EA5E4 /* SquareSearchGenderButton.m */; };
		BAEE7FD420A2E798000EA5E4 /* SquareSearchChooseVC.m in Sources */ = {isa = PBXBuildFile; fileRef = BAEE7FD320A2E798000EA5E4 /* SquareSearchChooseVC.m */; };
		BAF2828520A9309100625CF3 /* UserInfoVC.m in Sources */ = {isa = PBXBuildFile; fileRef = BAF2828420A9309100625CF3 /* UserInfoVC.m */; };
		BAF2828820A93ED600625CF3 /* UserInfoPopMenuVC.m in Sources */ = {isa = PBXBuildFile; fileRef = BAF2828720A93ED600625CF3 /* UserInfoPopMenuVC.m */; };
		BAF2828C20A96D4900625CF3 /* MessageVC.m in Sources */ = {isa = PBXBuildFile; fileRef = BAF2828B20A96D4900625CF3 /* MessageVC.m */; };
		BAF2829020A96D7600625CF3 /* MessageListTVC.m in Sources */ = {isa = PBXBuildFile; fileRef = BAF2828F20A96D7600625CF3 /* MessageListTVC.m */; };
		BAF2829520A9876800625CF3 /* UserInfoScrollBannerView.m in Sources */ = {isa = PBXBuildFile; fileRef = BAF2829420A9876800625CF3 /* UserInfoScrollBannerView.m */; };
		CEE16743979C1BDA74CDF782 /* libPods-MeMeDa.a in Frameworks */ = {isa = PBXBuildFile; fileRef = 50F29EB7810A38620C992E5A /* libPods-MeMeDa.a */; };
/* End PBXBuildFile section */

/* Begin PBXFileReference section */
		50F29EB7810A38620C992E5A /* libPods-MeMeDa.a */ = {isa = PBXFileReference; explicitFileType = archive.ar; includeInIndex = 0; path = "libPods-MeMeDa.a"; sourceTree = BUILT_PRODUCTS_DIR; };
		63CE5D31645DCA1716B36334 /* Pods-MeMeDa.release.xcconfig */ = {isa = PBXFileReference; includeInIndex = 1; lastKnownFileType = text.xcconfig; name = "Pods-MeMeDa.release.xcconfig"; path = "Pods/Target Support Files/Pods-MeMeDa/Pods-MeMeDa.release.xcconfig"; sourceTree = "<group>"; };
		BA270764209B29D000220B23 /* NMBigImgTitleBtn.h */ = {isa = PBXFileReference; lastKnownFileType = sourcecode.c.h; path = NMBigImgTitleBtn.h; sourceTree = "<group>"; };
		BA270765209B29D000220B23 /* NMBigImgTitleBtn.m */ = {isa = PBXFileReference; lastKnownFileType = sourcecode.c.objc; path = NMBigImgTitleBtn.m; sourceTree = "<group>"; };
		BA36518320A41987002B6C62 /* HomeSNSVC.h */ = {isa = PBXFileReference; lastKnownFileType = sourcecode.c.h; path = HomeSNSVC.h; sourceTree = "<group>"; };
		BA36518420A41987002B6C62 /* HomeSNSVC.m */ = {isa = PBXFileReference; lastKnownFileType = sourcecode.c.objc; path = HomeSNSVC.m; sourceTree = "<group>"; };
		BA36518720A42702002B6C62 /* Baoli-SC-Regular.ttf */ = {isa = PBXFileReference; lastKnownFileType = file; path = "Baoli-SC-Regular.ttf"; sourceTree = "<group>"; };
		BA36518A20A42C0E002B6C62 /* RankPresentVC.h */ = {isa = PBXFileReference; lastKnownFileType = sourcecode.c.h; path = RankPresentVC.h; sourceTree = "<group>"; };
		BA36518B20A42C0E002B6C62 /* RankPresentVC.m */ = {isa = PBXFileReference; lastKnownFileType = sourcecode.c.objc; path = RankPresentVC.m; sourceTree = "<group>"; };
		BA36518E20A43408002B6C62 /* RankPicCollectionCell.h */ = {isa = PBXFileReference; lastKnownFileType = sourcecode.c.h; path = RankPicCollectionCell.h; sourceTree = "<group>"; };
		BA36518F20A43408002B6C62 /* RankPicCollectionCell.m */ = {isa = PBXFileReference; lastKnownFileType = sourcecode.c.objc; path = RankPicCollectionCell.m; sourceTree = "<group>"; };
		BA36519220A43462002B6C62 /* RankPicCollectVC.h */ = {isa = PBXFileReference; lastKnownFileType = sourcecode.c.h; path = RankPicCollectVC.h; sourceTree = "<group>"; };
		BA36519320A43462002B6C62 /* RankPicCollectVC.m */ = {isa = PBXFileReference; lastKnownFileType = sourcecode.c.objc; path = RankPicCollectVC.m; sourceTree = "<group>"; };
		BA39ACEF20AC1FD8001EC158 /* MeCenterViewController.h */ = {isa = PBXFileReference; lastKnownFileType = sourcecode.c.h; path = MeCenterViewController.h; sourceTree = "<group>"; };
		BA39ACF020AC1FD8001EC158 /* MeCenterViewController.m */ = {isa = PBXFileReference; lastKnownFileType = sourcecode.c.objc; path = MeCenterViewController.m; sourceTree = "<group>"; };
		BA39ACF320AC22C8001EC158 /* MeThemeVC.h */ = {isa = PBXFileReference; lastKnownFileType = sourcecode.c.h; path = MeThemeVC.h; sourceTree = "<group>"; };
		BA39ACF420AC22C8001EC158 /* MeThemeVC.m */ = {isa = PBXFileReference; lastKnownFileType = sourcecode.c.objc; path = MeThemeVC.m; sourceTree = "<group>"; };
		BA39ACF720AC2F9C001EC158 /* MeMomentVC.h */ = {isa = PBXFileReference; lastKnownFileType = sourcecode.c.h; path = MeMomentVC.h; sourceTree = "<group>"; };
		BA39ACF820AC2F9C001EC158 /* MeMomentVC.m */ = {isa = PBXFileReference; lastKnownFileType = sourcecode.c.objc; path = MeMomentVC.m; sourceTree = "<group>"; };
		BA39ACFA20AC3083001EC158 /* MeMommentCollectionCell.h */ = {isa = PBXFileReference; lastKnownFileType = sourcecode.c.h; path = MeMommentCollectionCell.h; sourceTree = "<group>"; };
		BA39ACFB20AC3083001EC158 /* MeMommentCollectionCell.m */ = {isa = PBXFileReference; lastKnownFileType = sourcecode.c.objc; path = MeMommentCollectionCell.m; sourceTree = "<group>"; };
		BA39ACFF20AC3882001EC158 /* NewMomentVC.h */ = {isa = PBXFileReference; lastKnownFileType = sourcecode.c.h; path = NewMomentVC.h; sourceTree = "<group>"; };
		BA39AD0020AC3882001EC158 /* NewMomentVC.m */ = {isa = PBXFileReference; lastKnownFileType = sourcecode.c.objc; path = NewMomentVC.m; sourceTree = "<group>"; };
		BA86CA0A20A1402600F21980 /* SquareHeaderCarousel.h */ = {isa = PBXFileReference; lastKnownFileType = sourcecode.c.h; path = SquareHeaderCarousel.h; sourceTree = "<group>"; };
		BA86CA0B20A1402600F21980 /* SquareHeaderCarousel.m */ = {isa = PBXFileReference; lastKnownFileType = sourcecode.c.objc; path = SquareHeaderCarousel.m; sourceTree = "<group>"; };
		BA86CA0D20A1636D00F21980 /* SquareHeaderCell.h */ = {isa = PBXFileReference; lastKnownFileType = sourcecode.c.h; path = SquareHeaderCell.h; sourceTree = "<group>"; };
		BA86CA0E20A1636D00F21980 /* SquareHeaderCell.m */ = {isa = PBXFileReference; lastKnownFileType = sourcecode.c.objc; path = SquareHeaderCell.m; sourceTree = "<group>"; };
		BA86CA1020A1638B00F21980 /* SquareListCell.h */ = {isa = PBXFileReference; lastKnownFileType = sourcecode.c.h; path = SquareListCell.h; sourceTree = "<group>"; };
		BA86CA1120A1638B00F21980 /* SquareListCell.m */ = {isa = PBXFileReference; lastKnownFileType = sourcecode.c.objc; path = SquareListCell.m; sourceTree = "<group>"; };
		BA86CA1420A1712600F21980 /* SquareSearchVC.h */ = {isa = PBXFileReference; lastKnownFileType = sourcecode.c.h; path = SquareSearchVC.h; sourceTree = "<group>"; };
		BA86CA1520A1712600F21980 /* SquareSearchVC.m */ = {isa = PBXFileReference; lastKnownFileType = sourcecode.c.objc; path = SquareSearchVC.m; sourceTree = "<group>"; };
		BA945D91209AEC3A001BE9E1 /* PrefixHeader.pch */ = {isa = PBXFileReference; lastKnownFileType = sourcecode.c.h; path = PrefixHeader.pch; sourceTree = "<group>"; };
		BA945D98209AF9C9001BE9E1 /* NMBlurView.h */ = {isa = PBXFileReference; lastKnownFileType = sourcecode.c.h; path = NMBlurView.h; sourceTree = "<group>"; };
		BA945D99209AF9C9001BE9E1 /* NMBlurView.m */ = {isa = PBXFileReference; lastKnownFileType = sourcecode.c.objc; path = NMBlurView.m; sourceTree = "<group>"; };
		BA945D9D209AFC70001BE9E1 /* BeeNetCallback.m */ = {isa = PBXFileReference; fileEncoding = 4; lastKnownFileType = sourcecode.c.objc; path = BeeNetCallback.m; sourceTree = "<group>"; };
		BA945D9E209AFC70001BE9E1 /* BeeNet.m */ = {isa = PBXFileReference; fileEncoding = 4; lastKnownFileType = sourcecode.c.objc; path = BeeNet.m; sourceTree = "<group>"; };
		BA945D9F209AFC70001BE9E1 /* BeeNetCallback.h */ = {isa = PBXFileReference; fileEncoding = 4; lastKnownFileType = sourcecode.c.h; path = BeeNetCallback.h; sourceTree = "<group>"; };
		BA945DA0209AFC70001BE9E1 /* BeeNet.h */ = {isa = PBXFileReference; fileEncoding = 4; lastKnownFileType = sourcecode.c.h; path = BeeNet.h; sourceTree = "<group>"; };
		BA945DA1209AFC70001BE9E1 /* MD5Utils.m */ = {isa = PBXFileReference; fileEncoding = 4; lastKnownFileType = sourcecode.c.objc; path = MD5Utils.m; sourceTree = "<group>"; };
		BA945DA2209AFC70001BE9E1 /* UIColor+BeeColor.h */ = {isa = PBXFileReference; fileEncoding = 4; lastKnownFileType = sourcecode.c.h; path = "UIColor+BeeColor.h"; sourceTree = "<group>"; };
		BA945DA3209AFC70001BE9E1 /* MD5Utils.h */ = {isa = PBXFileReference; fileEncoding = 4; lastKnownFileType = sourcecode.c.h; path = MD5Utils.h; sourceTree = "<group>"; };
		BA945DA4209AFC70001BE9E1 /* UIColor+BeeColor.m */ = {isa = PBXFileReference; fileEncoding = 4; lastKnownFileType = sourcecode.c.objc; path = "UIColor+BeeColor.m"; sourceTree = "<group>"; };
		BA945DA5209AFC70001BE9E1 /* FileUtils.h */ = {isa = PBXFileReference; fileEncoding = 4; lastKnownFileType = sourcecode.c.h; path = FileUtils.h; sourceTree = "<group>"; };
		BA945DA6209AFC70001BE9E1 /* FileUtils.m */ = {isa = PBXFileReference; fileEncoding = 4; lastKnownFileType = sourcecode.c.objc; path = FileUtils.m; sourceTree = "<group>"; };
		BA97C775209FFA9200F61694 /* RegistInfoVC.h */ = {isa = PBXFileReference; lastKnownFileType = sourcecode.c.h; path = RegistInfoVC.h; sourceTree = "<group>"; };
		BA97C776209FFA9200F61694 /* RegistInfoVC.m */ = {isa = PBXFileReference; lastKnownFileType = sourcecode.c.objc; path = RegistInfoVC.m; sourceTree = "<group>"; };
		BA97C77920A02C2000F61694 /* HomeTabbarController.h */ = {isa = PBXFileReference; lastKnownFileType = sourcecode.c.h; path = HomeTabbarController.h; sourceTree = "<group>"; };
		BA97C77A20A02C2000F61694 /* HomeTabbarController.m */ = {isa = PBXFileReference; lastKnownFileType = sourcecode.c.objc; path = HomeTabbarController.m; sourceTree = "<group>"; };
		BA97C78020A0530B00F61694 /* SquareVC.h */ = {isa = PBXFileReference; lastKnownFileType = sourcecode.c.h; path = SquareVC.h; sourceTree = "<group>"; };
		BA97C78120A0530B00F61694 /* SquareVC.m */ = {isa = PBXFileReference; lastKnownFileType = sourcecode.c.objc; path = SquareVC.m; sourceTree = "<group>"; };
		BAA69EE7209C3FAA005138EA /* FemaleRuleVC.h */ = {isa = PBXFileReference; lastKnownFileType = sourcecode.c.h; path = FemaleRuleVC.h; sourceTree = "<group>"; };
		BAA69EE8209C3FAA005138EA /* FemaleRuleVC.m */ = {isa = PBXFileReference; lastKnownFileType = sourcecode.c.objc; path = FemaleRuleVC.m; sourceTree = "<group>"; };
		BAA69EEA209C42A2005138EA /* IdentifyVC.h */ = {isa = PBXFileReference; lastKnownFileType = sourcecode.c.h; path = IdentifyVC.h; sourceTree = "<group>"; };
		BAA69EEB209C42A2005138EA /* IdentifyVC.m */ = {isa = PBXFileReference; lastKnownFileType = sourcecode.c.objc; path = IdentifyVC.m; sourceTree = "<group>"; };
		BAA69EED209C5744005138EA /* FemaleRuleSelVC.h */ = {isa = PBXFileReference; lastKnownFileType = sourcecode.c.h; path = FemaleRuleSelVC.h; sourceTree = "<group>"; };
		BAA69EEE209C5744005138EA /* FemaleRuleSelVC.m */ = {isa = PBXFileReference; lastKnownFileType = sourcecode.c.objc; path = FemaleRuleSelVC.m; sourceTree = "<group>"; };
		BAA69EF0209C6D06005138EA /* LoginViewController.h */ = {isa = PBXFileReference; lastKnownFileType = sourcecode.c.h; path = LoginViewController.h; sourceTree = "<group>"; };
		BAA69EF1209C6D06005138EA /* LoginViewController.m */ = {isa = PBXFileReference; lastKnownFileType = sourcecode.c.objc; path = LoginViewController.m; sourceTree = "<group>"; };
		BAA69EF6209C6DB1005138EA /* DatePickerVC.h */ = {isa = PBXFileReference; lastKnownFileType = sourcecode.c.h; path = DatePickerVC.h; sourceTree = "<group>"; };
		BAA69EF7209C6DB1005138EA /* DatePickerVC.m */ = {isa = PBXFileReference; lastKnownFileType = sourcecode.c.objc; path = DatePickerVC.m; sourceTree = "<group>"; };
		BAA69EF9209C6DC2005138EA /* CityPickerVC.h */ = {isa = PBXFileReference; lastKnownFileType = sourcecode.c.h; path = CityPickerVC.h; sourceTree = "<group>"; };
		BAA69EFA209C6DC2005138EA /* CityPickerVC.m */ = {isa = PBXFileReference; lastKnownFileType = sourcecode.c.objc; path = CityPickerVC.m; sourceTree = "<group>"; };
		BAB0F782209B07BE00E8CCC7 /* NMRegTextField.h */ = {isa = PBXFileReference; lastKnownFileType = sourcecode.c.h; path = NMRegTextField.h; sourceTree = "<group>"; };
		BAB0F783209B07BE00E8CCC7 /* NMRegTextField.m */ = {isa = PBXFileReference; lastKnownFileType = sourcecode.c.objc; path = NMRegTextField.m; sourceTree = "<group>"; };
		BAB0F786209B0D2D00E8CCC7 /* NMLoginButton.h */ = {isa = PBXFileReference; lastKnownFileType = sourcecode.c.h; path = NMLoginButton.h; sourceTree = "<group>"; };
		BAB0F787209B0D2D00E8CCC7 /* NMLoginButton.m */ = {isa = PBXFileReference; lastKnownFileType = sourcecode.c.objc; path = NMLoginButton.m; sourceTree = "<group>"; };
		BAB0F78E209B193600E8CCC7 /* UINavigationBar+CustomBar.h */ = {isa = PBXFileReference; lastKnownFileType = sourcecode.c.h; path = "UINavigationBar+CustomBar.h"; sourceTree = "<group>"; };
		BAB0F78F209B193600E8CCC7 /* UINavigationBar+CustomBar.m */ = {isa = PBXFileReference; lastKnownFileType = sourcecode.c.objc; path = "UINavigationBar+CustomBar.m"; sourceTree = "<group>"; };
		BAC18396209AE0EB00209CCD /* MeMeDa.app */ = {isa = PBXFileReference; explicitFileType = wrapper.application; includeInIndex = 0; path = MeMeDa.app; sourceTree = BUILT_PRODUCTS_DIR; };
		BAC18399209AE0EC00209CCD /* AppDelegate.h */ = {isa = PBXFileReference; lastKnownFileType = sourcecode.c.h; path = AppDelegate.h; sourceTree = "<group>"; };
		BAC1839A209AE0EC00209CCD /* AppDelegate.m */ = {isa = PBXFileReference; lastKnownFileType = sourcecode.c.objc; path = AppDelegate.m; sourceTree = "<group>"; };
		BAC183A0209AE0EC00209CCD /* Base */ = {isa = PBXFileReference; lastKnownFileType = file.storyboard; name = Base; path = Base.lproj/Main.storyboard; sourceTree = "<group>"; };
		BAC183A2209AE0ED00209CCD /* Assets.xcassets */ = {isa = PBXFileReference; lastKnownFileType = folder.assetcatalog; path = Assets.xcassets; sourceTree = "<group>"; };
		BAC183A5209AE0ED00209CCD /* Base */ = {isa = PBXFileReference; lastKnownFileType = file.storyboard; name = Base; path = Base.lproj/LaunchScreen.storyboard; sourceTree = "<group>"; };
		BAC183A7209AE0ED00209CCD /* Info.plist */ = {isa = PBXFileReference; lastKnownFileType = text.plist.xml; path = Info.plist; sourceTree = "<group>"; };
		BAC183A8209AE0ED00209CCD /* main.m */ = {isa = PBXFileReference; lastKnownFileType = sourcecode.c.objc; path = main.m; sourceTree = "<group>"; };
		BAEE7FB920A2D3C3000EA5E4 /* BorderAndTransLabel.h */ = {isa = PBXFileReference; lastKnownFileType = sourcecode.c.h; path = BorderAndTransLabel.h; sourceTree = "<group>"; };
		BAEE7FBA20A2D3C3000EA5E4 /* BorderAndTransLabel.m */ = {isa = PBXFileReference; lastKnownFileType = sourcecode.c.objc; path = BorderAndTransLabel.m; sourceTree = "<group>"; };
		BAEE7FBD20A2D5C5000EA5E4 /* SquareListVC.h */ = {isa = PBXFileReference; lastKnownFileType = sourcecode.c.h; path = SquareListVC.h; sourceTree = "<group>"; };
		BAEE7FBE20A2D5C5000EA5E4 /* SquareListVC.m */ = {isa = PBXFileReference; lastKnownFileType = sourcecode.c.objc; path = SquareListVC.m; sourceTree = "<group>"; };
		BAEE7FC120A2D61B000EA5E4 /* SquareListGirlsCell.h */ = {isa = PBXFileReference; lastKnownFileType = sourcecode.c.h; path = SquareListGirlsCell.h; sourceTree = "<group>"; };
		BAEE7FC220A2D61B000EA5E4 /* SquareListGirlsCell.m */ = {isa = PBXFileReference; lastKnownFileType = sourcecode.c.objc; path = SquareListGirlsCell.m; sourceTree = "<group>"; };
		BAEE7FC420A2D9DF000EA5E4 /* SearchTextField.h */ = {isa = PBXFileReference; lastKnownFileType = sourcecode.c.h; path = SearchTextField.h; sourceTree = "<group>"; };
		BAEE7FC520A2D9DF000EA5E4 /* SearchTextField.m */ = {isa = PBXFileReference; lastKnownFileType = sourcecode.c.objc; path = SearchTextField.m; sourceTree = "<group>"; };
		BAEE7FC820A2DD85000EA5E4 /* SquareSearchHistoryCell.h */ = {isa = PBXFileReference; lastKnownFileType = sourcecode.c.h; path = SquareSearchHistoryCell.h; sourceTree = "<group>"; };
		BAEE7FC920A2DD85000EA5E4 /* SquareSearchHistoryCell.m */ = {isa = PBXFileReference; lastKnownFileType = sourcecode.c.objc; path = SquareSearchHistoryCell.m; sourceTree = "<group>"; };
		BAEE7FCE20A2E1A3000EA5E4 /* SquareSearchGenderButton.h */ = {isa = PBXFileReference; lastKnownFileType = sourcecode.c.h; path = SquareSearchGenderButton.h; sourceTree = "<group>"; };
		BAEE7FCF20A2E1A3000EA5E4 /* SquareSearchGenderButton.m */ = {isa = PBXFileReference; lastKnownFileType = sourcecode.c.objc; path = SquareSearchGenderButton.m; sourceTree = "<group>"; };
		BAEE7FD220A2E798000EA5E4 /* SquareSearchChooseVC.h */ = {isa = PBXFileReference; lastKnownFileType = sourcecode.c.h; path = SquareSearchChooseVC.h; sourceTree = "<group>"; };
		BAEE7FD320A2E798000EA5E4 /* SquareSearchChooseVC.m */ = {isa = PBXFileReference; lastKnownFileType = sourcecode.c.objc; path = SquareSearchChooseVC.m; sourceTree = "<group>"; };
		BAF2828320A9309100625CF3 /* UserInfoVC.h */ = {isa = PBXFileReference; lastKnownFileType = sourcecode.c.h; path = UserInfoVC.h; sourceTree = "<group>"; };
		BAF2828420A9309100625CF3 /* UserInfoVC.m */ = {isa = PBXFileReference; lastKnownFileType = sourcecode.c.objc; path = UserInfoVC.m; sourceTree = "<group>"; };
		BAF2828620A93ED600625CF3 /* UserInfoPopMenuVC.h */ = {isa = PBXFileReference; lastKnownFileType = sourcecode.c.h; path = UserInfoPopMenuVC.h; sourceTree = "<group>"; };
		BAF2828720A93ED600625CF3 /* UserInfoPopMenuVC.m */ = {isa = PBXFileReference; lastKnownFileType = sourcecode.c.objc; path = UserInfoPopMenuVC.m; sourceTree = "<group>"; };
		BAF2828A20A96D4900625CF3 /* MessageVC.h */ = {isa = PBXFileReference; lastKnownFileType = sourcecode.c.h; path = MessageVC.h; sourceTree = "<group>"; };
		BAF2828B20A96D4900625CF3 /* MessageVC.m */ = {isa = PBXFileReference; lastKnownFileType = sourcecode.c.objc; path = MessageVC.m; sourceTree = "<group>"; };
		BAF2828E20A96D7600625CF3 /* MessageListTVC.h */ = {isa = PBXFileReference; lastKnownFileType = sourcecode.c.h; path = MessageListTVC.h; sourceTree = "<group>"; };
		BAF2828F20A96D7600625CF3 /* MessageListTVC.m */ = {isa = PBXFileReference; lastKnownFileType = sourcecode.c.objc; path = MessageListTVC.m; sourceTree = "<group>"; };
		BAF2829320A9876800625CF3 /* UserInfoScrollBannerView.h */ = {isa = PBXFileReference; lastKnownFileType = sourcecode.c.h; path = UserInfoScrollBannerView.h; sourceTree = "<group>"; };
		BAF2829420A9876800625CF3 /* UserInfoScrollBannerView.m */ = {isa = PBXFileReference; lastKnownFileType = sourcecode.c.objc; path = UserInfoScrollBannerView.m; sourceTree = "<group>"; };
		C54FB2756480206C342E0AEE /* Pods-MeMeDa.debug.xcconfig */ = {isa = PBXFileReference; includeInIndex = 1; lastKnownFileType = text.xcconfig; name = "Pods-MeMeDa.debug.xcconfig"; path = "Pods/Target Support Files/Pods-MeMeDa/Pods-MeMeDa.debug.xcconfig"; sourceTree = "<group>"; };
/* End PBXFileReference section */

/* Begin PBXFrameworksBuildPhase section */
		BAC18393209AE0EB00209CCD /* Frameworks */ = {
			isa = PBXFrameworksBuildPhase;
			buildActionMask = 2147483647;
			files = (
				CEE16743979C1BDA74CDF782 /* libPods-MeMeDa.a in Frameworks */,
			);
			runOnlyForDeploymentPostprocessing = 0;
		};
/* End PBXFrameworksBuildPhase section */

/* Begin PBXGroup section */
		BA36518220A41963002B6C62 /* Rank */ = {
			isa = PBXGroup;
			children = (
				BA36519120A43418002B6C62 /* NMRank */,
				BA36518920A42BD5002B6C62 /* Present */,
				BA36518320A41987002B6C62 /* HomeSNSVC.h */,
				BA36518420A41987002B6C62 /* HomeSNSVC.m */,
			);
			path = Rank;
			sourceTree = "<group>";
		};
		BA36518620A4262C002B6C62 /* Font */ = {
			isa = PBXGroup;
			children = (
				BA36518720A42702002B6C62 /* Baoli-SC-Regular.ttf */,
			);
			path = Font;
			sourceTree = "<group>";
		};
		BA36518920A42BD5002B6C62 /* Present */ = {
			isa = PBXGroup;
			children = (
				BA36518A20A42C0E002B6C62 /* RankPresentVC.h */,
				BA36518B20A42C0E002B6C62 /* RankPresentVC.m */,
			);
			path = Present;
			sourceTree = "<group>";
		};
		BA36518D20A433CD002B6C62 /* cells */ = {
			isa = PBXGroup;
			children = (
				BA36518E20A43408002B6C62 /* RankPicCollectionCell.h */,
				BA36518F20A43408002B6C62 /* RankPicCollectionCell.m */,
			);
			path = cells;
			sourceTree = "<group>";
		};
		BA36519120A43418002B6C62 /* NMRank */ = {
			isa = PBXGroup;
			children = (
				BA36518D20A433CD002B6C62 /* cells */,
				BA36519220A43462002B6C62 /* RankPicCollectVC.h */,
				BA36519320A43462002B6C62 /* RankPicCollectVC.m */,
			);
			path = NMRank;
			sourceTree = "<group>";
		};
		BA39ACEE20AC1FC2001EC158 /* Me */ = {
			isa = PBXGroup;
			children = (
				BA39ACF620AC2F89001EC158 /* Moment */,
				BA39ACF220AC22B0001EC158 /* Theme */,
				BA39ACEF20AC1FD8001EC158 /* MeCenterViewController.h */,
				BA39ACF020AC1FD8001EC158 /* MeCenterViewController.m */,
			);
			path = Me;
			sourceTree = "<group>";
		};
		BA39ACF220AC22B0001EC158 /* Theme */ = {
			isa = PBXGroup;
			children = (
				BA39ACF320AC22C8001EC158 /* MeThemeVC.h */,
				BA39ACF420AC22C8001EC158 /* MeThemeVC.m */,
			);
			path = Theme;
			sourceTree = "<group>";
		};
		BA39ACF620AC2F89001EC158 /* Moment */ = {
			isa = PBXGroup;
			children = (
				BA39ACFE20AC386F001EC158 /* New Moment */,
				BA39ACFD20AC34E6001EC158 /* cell */,
				BA39ACF720AC2F9C001EC158 /* MeMomentVC.h */,
				BA39ACF820AC2F9C001EC158 /* MeMomentVC.m */,
			);
			path = Moment;
			sourceTree = "<group>";
		};
		BA39ACFD20AC34E6001EC158 /* cell */ = {
			isa = PBXGroup;
			children = (
				BA39ACFA20AC3083001EC158 /* MeMommentCollectionCell.h */,
				BA39ACFB20AC3083001EC158 /* MeMommentCollectionCell.m */,
			);
			path = cell;
			sourceTree = "<group>";
		};
		BA39ACFE20AC386F001EC158 /* New Moment */ = {
			isa = PBXGroup;
			children = (
				BA39ACFF20AC3882001EC158 /* NewMomentVC.h */,
				BA39AD0020AC3882001EC158 /* NewMomentVC.m */,
			);
			path = "New Moment";
			sourceTree = "<group>";
		};
		BA86CA0920A13FED00F21980 /* cells */ = {
			isa = PBXGroup;
			children = (
				BA86CA0A20A1402600F21980 /* SquareHeaderCarousel.h */,
				BA86CA0B20A1402600F21980 /* SquareHeaderCarousel.m */,
				BA86CA0D20A1636D00F21980 /* SquareHeaderCell.h */,
				BA86CA0E20A1636D00F21980 /* SquareHeaderCell.m */,
				BA86CA1020A1638B00F21980 /* SquareListCell.h */,
				BA86CA1120A1638B00F21980 /* SquareListCell.m */,
			);
			path = cells;
			sourceTree = "<group>";
		};
		BA86CA1320A1711000F21980 /* Search */ = {
			isa = PBXGroup;
			children = (
				BAEE7FD120A2E776000EA5E4 /* Choose */,
				BAEE7FC720A2DD69000EA5E4 /* cells */,
				BA86CA1420A1712600F21980 /* SquareSearchVC.h */,
				BA86CA1520A1712600F21980 /* SquareSearchVC.m */,
			);
			path = Search;
			sourceTree = "<group>";
		};
		BA945D90209AEC13001BE9E1 /* Profiles */ = {
			isa = PBXGroup;
			children = (
				BAC183A8209AE0ED00209CCD /* main.m */,
				BAC183A7209AE0ED00209CCD /* Info.plist */,
				BAC18399209AE0EC00209CCD /* AppDelegate.h */,
				BAC1839A209AE0EC00209CCD /* AppDelegate.m */,
				BA945D91209AEC3A001BE9E1 /* PrefixHeader.pch */,
			);
			path = Profiles;
			sourceTree = "<group>";
		};
		BA945D92209AEDCF001BE9E1 /* Entrance */ = {
			isa = PBXGroup;
			children = (
				BA97C77820A02BE000F61694 /* Home */,
				BAA69EE5209C3F0A005138EA /* Login */,
			);
			path = Entrance;
			sourceTree = "<group>";
		};
		BA945D96209AF98C001BE9E1 /* Utils */ = {
			isa = PBXGroup;
			children = (
				BA36518620A4262C002B6C62 /* Font */,
				BA945D9B209AFBFC001BE9E1 /* Tools */,
				BA945D97209AF999001BE9E1 /* Views */,
			);
			path = Utils;
			sourceTree = "<group>";
		};
		BA945D97209AF999001BE9E1 /* Views */ = {
			isa = PBXGroup;
			children = (
				BAB0F791209B1E2700E8CCC7 /* Public */,
				BAB0F785209B0CF200E8CCC7 /* Explicit Views */,
				BAB0F78E209B193600E8CCC7 /* UINavigationBar+CustomBar.h */,
				BAB0F78F209B193600E8CCC7 /* UINavigationBar+CustomBar.m */,
			);
			path = Views;
			sourceTree = "<group>";
		};
		BA945D9B209AFBFC001BE9E1 /* Tools */ = {
			isa = PBXGroup;
			children = (
				BA945D9C209AFC70001BE9E1 /* BeeNet */,
				BA945DA5209AFC70001BE9E1 /* FileUtils.h */,
				BA945DA6209AFC70001BE9E1 /* FileUtils.m */,
				BA945DA3209AFC70001BE9E1 /* MD5Utils.h */,
				BA945DA1209AFC70001BE9E1 /* MD5Utils.m */,
				BA945DA2209AFC70001BE9E1 /* UIColor+BeeColor.h */,
				BA945DA4209AFC70001BE9E1 /* UIColor+BeeColor.m */,
			);
			path = Tools;
			sourceTree = "<group>";
		};
		BA945D9C209AFC70001BE9E1 /* BeeNet */ = {
			isa = PBXGroup;
			children = (
				BA945D9D209AFC70001BE9E1 /* BeeNetCallback.m */,
				BA945D9E209AFC70001BE9E1 /* BeeNet.m */,
				BA945D9F209AFC70001BE9E1 /* BeeNetCallback.h */,
				BA945DA0209AFC70001BE9E1 /* BeeNet.h */,
			);
			path = BeeNet;
			sourceTree = "<group>";
		};
		BA97C77820A02BE000F61694 /* Home */ = {
			isa = PBXGroup;
			children = (
				BA39ACEE20AC1FC2001EC158 /* Me */,
				BAF2828920A96D3700625CF3 /* Message */,
				BA36518220A41963002B6C62 /* Rank */,
				BA97C77C20A0438C00F61694 /* Square */,
				BA97C77920A02C2000F61694 /* HomeTabbarController.h */,
				BA97C77A20A02C2000F61694 /* HomeTabbarController.m */,
			);
			path = Home;
			sourceTree = "<group>";
		};
		BA97C77C20A0438C00F61694 /* Square */ = {
			isa = PBXGroup;
			children = (
				BAF2828220A9306900625CF3 /* User Detail */,
				BAEE7FBC20A2D5A9000EA5E4 /* List */,
				BA86CA1320A1711000F21980 /* Search */,
				BA86CA0920A13FED00F21980 /* cells */,
				BA97C78020A0530B00F61694 /* SquareVC.h */,
				BA97C78120A0530B00F61694 /* SquareVC.m */,
			);
			path = Square;
			sourceTree = "<group>";
		};
		BAA69EE5209C3F0A005138EA /* Login */ = {
			isa = PBXGroup;
			children = (
				BAA69EF3209C6D6D005138EA /* Register */,
				BAA69EF0209C6D06005138EA /* LoginViewController.h */,
				BAA69EF1209C6D06005138EA /* LoginViewController.m */,
			);
			path = Login;
			sourceTree = "<group>";
		};
		BAA69EE6209C3F6D005138EA /* Female Only */ = {
			isa = PBXGroup;
			children = (
				BAA69EE7209C3FAA005138EA /* FemaleRuleVC.h */,
				BAA69EE8209C3FAA005138EA /* FemaleRuleVC.m */,
				BAA69EEA209C42A2005138EA /* IdentifyVC.h */,
				BAA69EEB209C42A2005138EA /* IdentifyVC.m */,
				BAA69EED209C5744005138EA /* FemaleRuleSelVC.h */,
				BAA69EEE209C5744005138EA /* FemaleRuleSelVC.m */,
			);
			path = "Female Only";
			sourceTree = "<group>";
		};
		BAA69EF3209C6D6D005138EA /* Register */ = {
			isa = PBXGroup;
			children = (
				BAA69EF4209C6D82005138EA /* Infomation */,
				BAA69EE6209C3F6D005138EA /* Female Only */,
			);
			path = Register;
			sourceTree = "<group>";
		};
		BAA69EF4209C6D82005138EA /* Infomation */ = {
			isa = PBXGroup;
			children = (
				BAA69EF5209C6D97005138EA /* Picker */,
				BA97C775209FFA9200F61694 /* RegistInfoVC.h */,
				BA97C776209FFA9200F61694 /* RegistInfoVC.m */,
			);
			path = Infomation;
			sourceTree = "<group>";
		};
		BAA69EF5209C6D97005138EA /* Picker */ = {
			isa = PBXGroup;
			children = (
				BAA69EF6209C6DB1005138EA /* DatePickerVC.h */,
				BAA69EF7209C6DB1005138EA /* DatePickerVC.m */,
				BAA69EF9209C6DC2005138EA /* CityPickerVC.h */,
				BAA69EFA209C6DC2005138EA /* CityPickerVC.m */,
			);
			path = Picker;
			sourceTree = "<group>";
		};
		BAB0F785209B0CF200E8CCC7 /* Explicit Views */ = {
			isa = PBXGroup;
			children = (
				BAB0F786209B0D2D00E8CCC7 /* NMLoginButton.h */,
				BAB0F787209B0D2D00E8CCC7 /* NMLoginButton.m */,
				BA270764209B29D000220B23 /* NMBigImgTitleBtn.h */,
				BA270765209B29D000220B23 /* NMBigImgTitleBtn.m */,
				BAEE7FB920A2D3C3000EA5E4 /* BorderAndTransLabel.h */,
				BAEE7FBA20A2D3C3000EA5E4 /* BorderAndTransLabel.m */,
				BAEE7FC420A2D9DF000EA5E4 /* SearchTextField.h */,
				BAEE7FC520A2D9DF000EA5E4 /* SearchTextField.m */,
				BAEE7FCE20A2E1A3000EA5E4 /* SquareSearchGenderButton.h */,
				BAEE7FCF20A2E1A3000EA5E4 /* SquareSearchGenderButton.m */,
			);
			path = "Explicit Views";
			sourceTree = "<group>";
		};
		BAB0F791209B1E2700E8CCC7 /* Public */ = {
			isa = PBXGroup;
			children = (
				BA945D98209AF9C9001BE9E1 /* NMBlurView.h */,
				BA945D99209AF9C9001BE9E1 /* NMBlurView.m */,
				BAB0F782209B07BE00E8CCC7 /* NMRegTextField.h */,
				BAB0F783209B07BE00E8CCC7 /* NMRegTextField.m */,
			);
			path = Public;
			sourceTree = "<group>";
		};
		BAC1838D209AE0EB00209CCD = {
			isa = PBXGroup;
			children = (
				BAC18398209AE0EB00209CCD /* MeMeDa */,
				BAC18397209AE0EB00209CCD /* Products */,
				BEFF11BBAFA04AD84552D84D /* Pods */,
				EB5D61D2B668D0FBF80F7471 /* Frameworks */,
			);
			sourceTree = "<group>";
		};
		BAC18397209AE0EB00209CCD /* Products */ = {
			isa = PBXGroup;
			children = (
				BAC18396209AE0EB00209CCD /* MeMeDa.app */,
			);
			name = Products;
			sourceTree = "<group>";
		};
		BAC18398209AE0EB00209CCD /* MeMeDa */ = {
			isa = PBXGroup;
			children = (
				BA945D96209AF98C001BE9E1 /* Utils */,
				BA945D92209AEDCF001BE9E1 /* Entrance */,
				BA945D90209AEC13001BE9E1 /* Profiles */,
				BAC1839F209AE0EC00209CCD /* Main.storyboard */,
				BAC183A2209AE0ED00209CCD /* Assets.xcassets */,
				BAC183A4209AE0ED00209CCD /* LaunchScreen.storyboard */,
			);
			path = MeMeDa;
			sourceTree = "<group>";
		};
		BAEE7FBC20A2D5A9000EA5E4 /* List */ = {
			isa = PBXGroup;
			children = (
				BAEE7FC020A2D5E6000EA5E4 /* cells */,
				BAEE7FBD20A2D5C5000EA5E4 /* SquareListVC.h */,
				BAEE7FBE20A2D5C5000EA5E4 /* SquareListVC.m */,
			);
			path = List;
			sourceTree = "<group>";
		};
		BAEE7FC020A2D5E6000EA5E4 /* cells */ = {
			isa = PBXGroup;
			children = (
				BAEE7FC120A2D61B000EA5E4 /* SquareListGirlsCell.h */,
				BAEE7FC220A2D61B000EA5E4 /* SquareListGirlsCell.m */,
			);
			path = cells;
			sourceTree = "<group>";
		};
		BAEE7FC720A2DD69000EA5E4 /* cells */ = {
			isa = PBXGroup;
			children = (
				BAEE7FC820A2DD85000EA5E4 /* SquareSearchHistoryCell.h */,
				BAEE7FC920A2DD85000EA5E4 /* SquareSearchHistoryCell.m */,
			);
			path = cells;
			sourceTree = "<group>";
		};
		BAEE7FD120A2E776000EA5E4 /* Choose */ = {
			isa = PBXGroup;
			children = (
				BAEE7FD220A2E798000EA5E4 /* SquareSearchChooseVC.h */,
				BAEE7FD320A2E798000EA5E4 /* SquareSearchChooseVC.m */,
			);
			path = Choose;
			sourceTree = "<group>";
		};
		BAF2828220A9306900625CF3 /* User Detail */ = {
			isa = PBXGroup;
			children = (
				BAF2829220A9871A00625CF3 /* scrollBanner */,
				BAF2829120A9870F00625CF3 /* Group */,
				BAF2828320A9309100625CF3 /* UserInfoVC.h */,
				BAF2828420A9309100625CF3 /* UserInfoVC.m */,
			);
			path = "User Detail";
			sourceTree = "<group>";
		};
		BAF2828920A96D3700625CF3 /* Message */ = {
			isa = PBXGroup;
			children = (
				BAF2828D20A96D5E00625CF3 /* List */,
				BAF2828A20A96D4900625CF3 /* MessageVC.h */,
				BAF2828B20A96D4900625CF3 /* MessageVC.m */,
			);
			path = Message;
			sourceTree = "<group>";
		};
		BAF2828D20A96D5E00625CF3 /* List */ = {
			isa = PBXGroup;
			children = (
				BAF2828E20A96D7600625CF3 /* MessageListTVC.h */,
				BAF2828F20A96D7600625CF3 /* MessageListTVC.m */,
			);
			path = List;
			sourceTree = "<group>";
		};
		BAF2829120A9870F00625CF3 /* Group */ = {
			isa = PBXGroup;
			children = (
				BAF2828620A93ED600625CF3 /* UserInfoPopMenuVC.h */,
				BAF2828720A93ED600625CF3 /* UserInfoPopMenuVC.m */,
			);
			path = Group;
			sourceTree = "<group>";
		};
		BAF2829220A9871A00625CF3 /* scrollBanner */ = {
			isa = PBXGroup;
			children = (
				BAF2829320A9876800625CF3 /* UserInfoScrollBannerView.h */,
				BAF2829420A9876800625CF3 /* UserInfoScrollBannerView.m */,
			);
			path = scrollBanner;
			sourceTree = "<group>";
		};
		BEFF11BBAFA04AD84552D84D /* Pods */ = {
			isa = PBXGroup;
			children = (
				C54FB2756480206C342E0AEE /* Pods-MeMeDa.debug.xcconfig */,
				63CE5D31645DCA1716B36334 /* Pods-MeMeDa.release.xcconfig */,
			);
			name = Pods;
			sourceTree = "<group>";
		};
		EB5D61D2B668D0FBF80F7471 /* Frameworks */ = {
			isa = PBXGroup;
			children = (
				50F29EB7810A38620C992E5A /* libPods-MeMeDa.a */,
			);
			name = Frameworks;
			sourceTree = "<group>";
		};
/* End PBXGroup section */

/* Begin PBXNativeTarget section */
		BAC18395209AE0EB00209CCD /* MeMeDa */ = {
			isa = PBXNativeTarget;
			buildConfigurationList = BAC183AC209AE0ED00209CCD /* Build configuration list for PBXNativeTarget "MeMeDa" */;
			buildPhases = (
				5A8801EF229D2AA4F7A17C20 /* [CP] Check Pods Manifest.lock */,
				BAC18392209AE0EB00209CCD /* Sources */,
				BAC18393209AE0EB00209CCD /* Frameworks */,
				BAC18394209AE0EB00209CCD /* Resources */,
				EC9B59BAB136197084A0C846 /* [CP] Copy Pods Resources */,
			);
			buildRules = (
			);
			dependencies = (
			);
			name = MeMeDa;
			productName = MeMeDa;
			productReference = BAC18396209AE0EB00209CCD /* MeMeDa.app */;
			productType = "com.apple.product-type.application";
		};
/* End PBXNativeTarget section */

/* Begin PBXProject section */
		BAC1838E209AE0EB00209CCD /* Project object */ = {
			isa = PBXProject;
			attributes = {
				LastUpgradeCheck = 0930;
				ORGANIZATIONNAME = "镓洲 王";
				TargetAttributes = {
					BAC18395209AE0EB00209CCD = {
						CreatedOnToolsVersion = 9.3;
					};
				};
			};
			buildConfigurationList = BAC18391209AE0EB00209CCD /* Build configuration list for PBXProject "MeMeDa" */;
			compatibilityVersion = "Xcode 9.3";
			developmentRegion = en;
			hasScannedForEncodings = 0;
			knownRegions = (
				en,
				Base,
			);
			mainGroup = BAC1838D209AE0EB00209CCD;
			productRefGroup = BAC18397209AE0EB00209CCD /* Products */;
			projectDirPath = "";
			projectRoot = "";
			targets = (
				BAC18395209AE0EB00209CCD /* MeMeDa */,
			);
		};
/* End PBXProject section */

/* Begin PBXResourcesBuildPhase section */
		BAC18394209AE0EB00209CCD /* Resources */ = {
			isa = PBXResourcesBuildPhase;
			buildActionMask = 2147483647;
			files = (
				BAC183A6209AE0ED00209CCD /* LaunchScreen.storyboard in Resources */,
				BA36518820A42705002B6C62 /* Baoli-SC-Regular.ttf in Resources */,
				BAC183A3209AE0ED00209CCD /* Assets.xcassets in Resources */,
				BAC183A1209AE0EC00209CCD /* Main.storyboard in Resources */,
			);
			runOnlyForDeploymentPostprocessing = 0;
		};
/* End PBXResourcesBuildPhase section */

/* Begin PBXShellScriptBuildPhase section */
		5A8801EF229D2AA4F7A17C20 /* [CP] Check Pods Manifest.lock */ = {
			isa = PBXShellScriptBuildPhase;
			buildActionMask = 2147483647;
			files = (
			);
			inputPaths = (
				"${PODS_PODFILE_DIR_PATH}/Podfile.lock",
				"${PODS_ROOT}/Manifest.lock",
			);
			name = "[CP] Check Pods Manifest.lock";
			outputPaths = (
				"$(DERIVED_FILE_DIR)/Pods-MeMeDa-checkManifestLockResult.txt",
			);
			runOnlyForDeploymentPostprocessing = 0;
			shellPath = /bin/sh;
			shellScript = "diff \"${PODS_PODFILE_DIR_PATH}/Podfile.lock\" \"${PODS_ROOT}/Manifest.lock\" > /dev/null\nif [ $? != 0 ] ; then\n    # print error to STDERR\n    echo \"error: The sandbox is not in sync with the Podfile.lock. Run 'pod install' or update your CocoaPods installation.\" >&2\n    exit 1\nfi\n# This output is used by Xcode 'outputs' to avoid re-running this script phase.\necho \"SUCCESS\" > \"${SCRIPT_OUTPUT_FILE_0}\"\n";
			showEnvVarsInLog = 0;
		};
		EC9B59BAB136197084A0C846 /* [CP] Copy Pods Resources */ = {
			isa = PBXShellScriptBuildPhase;
			buildActionMask = 2147483647;
			files = (
			);
			inputPaths = (
				"${SRCROOT}/Pods/Target Support Files/Pods-MeMeDa/Pods-MeMeDa-resources.sh",
				"${PODS_ROOT}/IQKeyboardManager/IQKeyboardManager/Resources/IQKeyboardManager.bundle",
				"${PODS_ROOT}/SVProgressHUD/SVProgressHUD/SVProgressHUD.bundle",
			);
			name = "[CP] Copy Pods Resources";
			outputPaths = (
				"${TARGET_BUILD_DIR}/${UNLOCALIZED_RESOURCES_FOLDER_PATH}/IQKeyboardManager.bundle",
				"${TARGET_BUILD_DIR}/${UNLOCALIZED_RESOURCES_FOLDER_PATH}/SVProgressHUD.bundle",
			);
			runOnlyForDeploymentPostprocessing = 0;
			shellPath = /bin/sh;
			shellScript = "\"${SRCROOT}/Pods/Target Support Files/Pods-MeMeDa/Pods-MeMeDa-resources.sh\"\n";
			showEnvVarsInLog = 0;
		};
/* End PBXShellScriptBuildPhase section */

/* Begin PBXSourcesBuildPhase section */
		BAC18392209AE0EB00209CCD /* Sources */ = {
			isa = PBXSourcesBuildPhase;
			buildActionMask = 2147483647;
			files = (
				BA36519420A43462002B6C62 /* RankPicCollectVC.m in Sources */,
				BAF2829020A96D7600625CF3 /* MessageListTVC.m in Sources */,
				BAF2829520A9876800625CF3 /* UserInfoScrollBannerView.m in Sources */,
				BAA69EF8209C6DB1005138EA /* DatePickerVC.m in Sources */,
				BAA69EFB209C6DC2005138EA /* CityPickerVC.m in Sources */,
				BA945DAA209AFC70001BE9E1 /* UIColor+BeeColor.m in Sources */,
				BAC183A9209AE0ED00209CCD /* main.m in Sources */,
				BAF2828C20A96D4900625CF3 /* MessageVC.m in Sources */,
				BA945DA9209AFC70001BE9E1 /* MD5Utils.m in Sources */,
				BA97C777209FFA9200F61694 /* RegistInfoVC.m in Sources */,
				BA36518C20A42C0E002B6C62 /* RankPresentVC.m in Sources */,
				BA39AD0120AC3882001EC158 /* NewMomentVC.m in Sources */,
				BAF2828820A93ED600625CF3 /* UserInfoPopMenuVC.m in Sources */,
				BAA69EEC209C42A2005138EA /* IdentifyVC.m in Sources */,
				BA945DAB209AFC70001BE9E1 /* FileUtils.m in Sources */,
				BAB0F790209B193600E8CCC7 /* UINavigationBar+CustomBar.m in Sources */,
				BAC1839B209AE0EC00209CCD /* AppDelegate.m in Sources */,
				BAEE7FD020A2E1A3000EA5E4 /* SquareSearchGenderButton.m in Sources */,
				BAEE7FC320A2D61B000EA5E4 /* SquareListGirlsCell.m in Sources */,
				BA39ACF920AC2F9C001EC158 /* MeMomentVC.m in Sources */,
				BAEE7FCA20A2DD85000EA5E4 /* SquareSearchHistoryCell.m in Sources */,
				BA39ACF520AC22C8001EC158 /* MeThemeVC.m in Sources */,
				BA36518520A41987002B6C62 /* HomeSNSVC.m in Sources */,
				BAA69EF2209C6D06005138EA /* LoginViewController.m in Sources */,
				BA86CA0C20A1402600F21980 /* SquareHeaderCarousel.m in Sources */,
				BAA69EE9209C3FAA005138EA /* FemaleRuleVC.m in Sources */,
				BA945DA8209AFC70001BE9E1 /* BeeNet.m in Sources */,
				BA97C78220A0530B00F61694 /* SquareVC.m in Sources */,
				BAF2828520A9309100625CF3 /* UserInfoVC.m in Sources */,
				BAEE7FD420A2E798000EA5E4 /* SquareSearchChooseVC.m in Sources */,
				BA36519020A43408002B6C62 /* RankPicCollectionCell.m in Sources */,
				BAEE7FBF20A2D5C5000EA5E4 /* SquareListVC.m in Sources */,
				BA39ACFC20AC3083001EC158 /* MeMommentCollectionCell.m in Sources */,
				BA945DA7209AFC70001BE9E1 /* BeeNetCallback.m in Sources */,
				BA86CA1220A1638B00F21980 /* SquareListCell.m in Sources */,
				BAB0F784209B07BE00E8CCC7 /* NMRegTextField.m in Sources */,
				BAA69EEF209C5744005138EA /* FemaleRuleSelVC.m in Sources */,
				BA86CA0F20A1636D00F21980 /* SquareHeaderCell.m in Sources */,
				BA270766209B29D000220B23 /* NMBigImgTitleBtn.m in Sources */,
				BA39ACF120AC1FD8001EC158 /* MeCenterViewController.m in Sources */,
				BAEE7FC620A2D9DF000EA5E4 /* SearchTextField.m in Sources */,
				BAEE7FBB20A2D3C3000EA5E4 /* BorderAndTransLabel.m in Sources */,
				BA945D9A209AF9C9001BE9E1 /* NMBlurView.m in Sources */,
				BA97C77B20A02C2000F61694 /* HomeTabbarController.m in Sources */,
				BAB0F788209B0D2D00E8CCC7 /* NMLoginButton.m in Sources */,
				BA86CA1620A1712600F21980 /* SquareSearchVC.m in Sources */,
			);
			runOnlyForDeploymentPostprocessing = 0;
		};
/* End PBXSourcesBuildPhase section */

/* Begin PBXVariantGroup section */
		BAC1839F209AE0EC00209CCD /* Main.storyboard */ = {
			isa = PBXVariantGroup;
			children = (
				BAC183A0209AE0EC00209CCD /* Base */,
			);
			name = Main.storyboard;
			sourceTree = "<group>";
		};
		BAC183A4209AE0ED00209CCD /* LaunchScreen.storyboard */ = {
			isa = PBXVariantGroup;
			children = (
				BAC183A5209AE0ED00209CCD /* Base */,
			);
			name = LaunchScreen.storyboard;
			sourceTree = "<group>";
		};
/* End PBXVariantGroup section */

/* Begin XCBuildConfiguration section */
		BAC183AA209AE0ED00209CCD /* Debug */ = {
			isa = XCBuildConfiguration;
			buildSettings = {
				ALWAYS_SEARCH_USER_PATHS = NO;
				CLANG_ANALYZER_NONNULL = YES;
				CLANG_ANALYZER_NUMBER_OBJECT_CONVERSION = YES_AGGRESSIVE;
				CLANG_CXX_LANGUAGE_STANDARD = "gnu++14";
				CLANG_CXX_LIBRARY = "libc++";
				CLANG_ENABLE_MODULES = YES;
				CLANG_ENABLE_OBJC_ARC = YES;
				CLANG_ENABLE_OBJC_WEAK = YES;
				CLANG_WARN_BLOCK_CAPTURE_AUTORELEASING = YES;
				CLANG_WARN_BOOL_CONVERSION = YES;
				CLANG_WARN_COMMA = YES;
				CLANG_WARN_CONSTANT_CONVERSION = YES;
				CLANG_WARN_DEPRECATED_OBJC_IMPLEMENTATIONS = YES;
				CLANG_WARN_DIRECT_OBJC_ISA_USAGE = YES_ERROR;
				CLANG_WARN_DOCUMENTATION_COMMENTS = YES;
				CLANG_WARN_EMPTY_BODY = YES;
				CLANG_WARN_ENUM_CONVERSION = YES;
				CLANG_WARN_INFINITE_RECURSION = YES;
				CLANG_WARN_INT_CONVERSION = YES;
				CLANG_WARN_NON_LITERAL_NULL_CONVERSION = YES;
				CLANG_WARN_OBJC_IMPLICIT_RETAIN_SELF = YES;
				CLANG_WARN_OBJC_LITERAL_CONVERSION = YES;
				CLANG_WARN_OBJC_ROOT_CLASS = YES_ERROR;
				CLANG_WARN_RANGE_LOOP_ANALYSIS = YES;
				CLANG_WARN_STRICT_PROTOTYPES = YES;
				CLANG_WARN_SUSPICIOUS_MOVE = YES;
				CLANG_WARN_UNGUARDED_AVAILABILITY = YES_AGGRESSIVE;
				CLANG_WARN_UNREACHABLE_CODE = YES;
				CLANG_WARN__DUPLICATE_METHOD_MATCH = YES;
				CODE_SIGN_IDENTITY = "iPhone Developer";
				COPY_PHASE_STRIP = NO;
				DEBUG_INFORMATION_FORMAT = dwarf;
				ENABLE_STRICT_OBJC_MSGSEND = YES;
				ENABLE_TESTABILITY = YES;
				GCC_C_LANGUAGE_STANDARD = gnu11;
				GCC_DYNAMIC_NO_PIC = NO;
				GCC_NO_COMMON_BLOCKS = YES;
				GCC_OPTIMIZATION_LEVEL = 0;
				GCC_PREPROCESSOR_DEFINITIONS = (
					"DEBUG=1",
					"$(inherited)",
				);
				GCC_WARN_64_TO_32_BIT_CONVERSION = YES;
				GCC_WARN_ABOUT_RETURN_TYPE = YES_ERROR;
				GCC_WARN_UNDECLARED_SELECTOR = YES;
				GCC_WARN_UNINITIALIZED_AUTOS = YES_AGGRESSIVE;
				GCC_WARN_UNUSED_FUNCTION = YES;
				GCC_WARN_UNUSED_VARIABLE = YES;
				IPHONEOS_DEPLOYMENT_TARGET = 8.0;
				MTL_ENABLE_DEBUG_INFO = YES;
				ONLY_ACTIVE_ARCH = YES;
				SDKROOT = iphoneos;
			};
			name = Debug;
		};
		BAC183AB209AE0ED00209CCD /* Release */ = {
			isa = XCBuildConfiguration;
			buildSettings = {
				ALWAYS_SEARCH_USER_PATHS = NO;
				CLANG_ANALYZER_NONNULL = YES;
				CLANG_ANALYZER_NUMBER_OBJECT_CONVERSION = YES_AGGRESSIVE;
				CLANG_CXX_LANGUAGE_STANDARD = "gnu++14";
				CLANG_CXX_LIBRARY = "libc++";
				CLANG_ENABLE_MODULES = YES;
				CLANG_ENABLE_OBJC_ARC = YES;
				CLANG_ENABLE_OBJC_WEAK = YES;
				CLANG_WARN_BLOCK_CAPTURE_AUTORELEASING = YES;
				CLANG_WARN_BOOL_CONVERSION = YES;
				CLANG_WARN_COMMA = YES;
				CLANG_WARN_CONSTANT_CONVERSION = YES;
				CLANG_WARN_DEPRECATED_OBJC_IMPLEMENTATIONS = YES;
				CLANG_WARN_DIRECT_OBJC_ISA_USAGE = YES_ERROR;
				CLANG_WARN_DOCUMENTATION_COMMENTS = YES;
				CLANG_WARN_EMPTY_BODY = YES;
				CLANG_WARN_ENUM_CONVERSION = YES;
				CLANG_WARN_INFINITE_RECURSION = YES;
				CLANG_WARN_INT_CONVERSION = YES;
				CLANG_WARN_NON_LITERAL_NULL_CONVERSION = YES;
				CLANG_WARN_OBJC_IMPLICIT_RETAIN_SELF = YES;
				CLANG_WARN_OBJC_LITERAL_CONVERSION = YES;
				CLANG_WARN_OBJC_ROOT_CLASS = YES_ERROR;
				CLANG_WARN_RANGE_LOOP_ANALYSIS = YES;
				CLANG_WARN_STRICT_PROTOTYPES = YES;
				CLANG_WARN_SUSPICIOUS_MOVE = YES;
				CLANG_WARN_UNGUARDED_AVAILABILITY = YES_AGGRESSIVE;
				CLANG_WARN_UNREACHABLE_CODE = YES;
				CLANG_WARN__DUPLICATE_METHOD_MATCH = YES;
				CODE_SIGN_IDENTITY = "iPhone Developer";
				COPY_PHASE_STRIP = NO;
				DEBUG_INFORMATION_FORMAT = "dwarf-with-dsym";
				ENABLE_NS_ASSERTIONS = NO;
				ENABLE_STRICT_OBJC_MSGSEND = YES;
				GCC_C_LANGUAGE_STANDARD = gnu11;
				GCC_NO_COMMON_BLOCKS = YES;
				GCC_WARN_64_TO_32_BIT_CONVERSION = YES;
				GCC_WARN_ABOUT_RETURN_TYPE = YES_ERROR;
				GCC_WARN_UNDECLARED_SELECTOR = YES;
				GCC_WARN_UNINITIALIZED_AUTOS = YES_AGGRESSIVE;
				GCC_WARN_UNUSED_FUNCTION = YES;
				GCC_WARN_UNUSED_VARIABLE = YES;
				IPHONEOS_DEPLOYMENT_TARGET = 8.0;
				MTL_ENABLE_DEBUG_INFO = NO;
				SDKROOT = iphoneos;
				VALIDATE_PRODUCT = YES;
			};
			name = Release;
		};
		BAC183AD209AE0ED00209CCD /* Debug */ = {
			isa = XCBuildConfiguration;
			baseConfigurationReference = C54FB2756480206C342E0AEE /* Pods-MeMeDa.debug.xcconfig */;
			buildSettings = {
				ASSETCATALOG_COMPILER_APPICON_NAME = AppIcon;
				CODE_SIGN_STYLE = Automatic;
				DEVELOPMENT_TEAM = TYMF5CRH3T;
				GCC_PRECOMPILE_PREFIX_HEADER = YES;
				GCC_PREFIX_HEADER = "$(SRCROOT)/MeMeDa/Profiles/PrefixHeader.pch";
				INFOPLIST_FILE = "$(SRCROOT)/MeMeDa/Profiles/Info.plist";
				LD_RUNPATH_SEARCH_PATHS = (
					"$(inherited)",
					"@executable_path/Frameworks",
				);
				PRODUCT_BUNDLE_IDENTIFIER = com.nemo.MMDa.MeMeDa;
				PRODUCT_NAME = "$(TARGET_NAME)";
				TARGETED_DEVICE_FAMILY = "1,2";
			};
			name = Debug;
		};
		BAC183AE209AE0ED00209CCD /* Release */ = {
			isa = XCBuildConfiguration;
			baseConfigurationReference = 63CE5D31645DCA1716B36334 /* Pods-MeMeDa.release.xcconfig */;
			buildSettings = {
				ASSETCATALOG_COMPILER_APPICON_NAME = AppIcon;
				CODE_SIGN_STYLE = Automatic;
				DEVELOPMENT_TEAM = TYMF5CRH3T;
				GCC_PRECOMPILE_PREFIX_HEADER = YES;
				GCC_PREFIX_HEADER = "$(SRCROOT)/MeMeDa/Profiles/PrefixHeader.pch";
				INFOPLIST_FILE = "$(SRCROOT)/MeMeDa/Profiles/Info.plist";
				LD_RUNPATH_SEARCH_PATHS = (
					"$(inherited)",
					"@executable_path/Frameworks",
				);
				PRODUCT_BUNDLE_IDENTIFIER = com.nemo.MMDa.MeMeDa;
				PRODUCT_NAME = "$(TARGET_NAME)";
				TARGETED_DEVICE_FAMILY = "1,2";
			};
			name = Release;
		};
/* End XCBuildConfiguration section */

/* Begin XCConfigurationList section */
		BAC18391209AE0EB00209CCD /* Build configuration list for PBXProject "MeMeDa" */ = {
			isa = XCConfigurationList;
			buildConfigurations = (
				BAC183AA209AE0ED00209CCD /* Debug */,
				BAC183AB209AE0ED00209CCD /* Release */,
			);
			defaultConfigurationIsVisible = 0;
			defaultConfigurationName = Release;
		};
		BAC183AC209AE0ED00209CCD /* Build configuration list for PBXNativeTarget "MeMeDa" */ = {
			isa = XCConfigurationList;
			buildConfigurations = (
				BAC183AD209AE0ED00209CCD /* Debug */,
				BAC183AE209AE0ED00209CCD /* Release */,
			);
			defaultConfigurationIsVisible = 0;
			defaultConfigurationName = Release;
		};
/* End XCConfigurationList section */
	};
	rootObject = BAC1838E209AE0EB00209CCD /* Project object */;
}
