// !$*UTF8*$!
{
	archiveVersion = 1;
	classes = {
	};
	objectVersion = 50;
	objects = {

/* Begin PBXBuildFile section */
		BA945D95209AEDF8001BE9E1 /* RegisterViewController.m in Sources */ = {isa = PBXBuildFile; fileRef = BA945D94209AEDF8001BE9E1 /* RegisterViewController.m */; };
		BAC1839B209AE0EC00209CCD /* AppDelegate.m in Sources */ = {isa = PBXBuildFile; fileRef = BAC1839A209AE0EC00209CCD /* AppDelegate.m */; };
		BAC183A1209AE0EC00209CCD /* Main.storyboard in Resources */ = {isa = PBXBuildFile; fileRef = BAC1839F209AE0EC00209CCD /* Main.storyboard */; };
		BAC183A3209AE0ED00209CCD /* Assets.xcassets in Resources */ = {isa = PBXBuildFile; fileRef = BAC183A2209AE0ED00209CCD /* Assets.xcassets */; };
		BAC183A6209AE0ED00209CCD /* LaunchScreen.storyboard in Resources */ = {isa = PBXBuildFile; fileRef = BAC183A4209AE0ED00209CCD /* LaunchScreen.storyboard */; };
		BAC183A9209AE0ED00209CCD /* main.m in Sources */ = {isa = PBXBuildFile; fileRef = BAC183A8209AE0ED00209CCD /* main.m */; };
		CEE16743979C1BDA74CDF782 /* libPods-MeMeDa.a in Frameworks */ = {isa = PBXBuildFile; fileRef = 50F29EB7810A38620C992E5A /* libPods-MeMeDa.a */; };
/* End PBXBuildFile section */

/* Begin PBXFileReference section */
		50F29EB7810A38620C992E5A /* libPods-MeMeDa.a */ = {isa = PBXFileReference; explicitFileType = archive.ar; includeInIndex = 0; path = "libPods-MeMeDa.a"; sourceTree = BUILT_PRODUCTS_DIR; };
		63CE5D31645DCA1716B36334 /* Pods-MeMeDa.release.xcconfig */ = {isa = PBXFileReference; includeInIndex = 1; lastKnownFileType = text.xcconfig; name = "Pods-MeMeDa.release.xcconfig"; path = "Pods/Target Support Files/Pods-MeMeDa/Pods-MeMeDa.release.xcconfig"; sourceTree = "<group>"; };
		BA945D91209AEC3A001BE9E1 /* PrefixHeader.pch */ = {isa = PBXFileReference; lastKnownFileType = sourcecode.c.h; path = PrefixHeader.pch; sourceTree = "<group>"; };
		BA945D93209AEDF8001BE9E1 /* RegisterViewController.h */ = {isa = PBXFileReference; lastKnownFileType = sourcecode.c.h; path = RegisterViewController.h; sourceTree = "<group>"; };
		BA945D94209AEDF8001BE9E1 /* RegisterViewController.m */ = {isa = PBXFileReference; lastKnownFileType = sourcecode.c.objc; path = RegisterViewController.m; sourceTree = "<group>"; };
		BAC18396209AE0EB00209CCD /* MeMeDa.app */ = {isa = PBXFileReference; explicitFileType = wrapper.application; includeInIndex = 0; path = MeMeDa.app; sourceTree = BUILT_PRODUCTS_DIR; };
		BAC18399209AE0EC00209CCD /* AppDelegate.h */ = {isa = PBXFileReference; lastKnownFileType = sourcecode.c.h; path = AppDelegate.h; sourceTree = "<group>"; };
		BAC1839A209AE0EC00209CCD /* AppDelegate.m */ = {isa = PBXFileReference; lastKnownFileType = sourcecode.c.objc; path = AppDelegate.m; sourceTree = "<group>"; };
		BAC183A0209AE0EC00209CCD /* Base */ = {isa = PBXFileReference; lastKnownFileType = file.storyboard; name = Base; path = Base.lproj/Main.storyboard; sourceTree = "<group>"; };
		BAC183A2209AE0ED00209CCD /* Assets.xcassets */ = {isa = PBXFileReference; lastKnownFileType = folder.assetcatalog; path = Assets.xcassets; sourceTree = "<group>"; };
		BAC183A5209AE0ED00209CCD /* Base */ = {isa = PBXFileReference; lastKnownFileType = file.storyboard; name = Base; path = Base.lproj/LaunchScreen.storyboard; sourceTree = "<group>"; };
		BAC183A7209AE0ED00209CCD /* Info.plist */ = {isa = PBXFileReference; lastKnownFileType = text.plist.xml; path = Info.plist; sourceTree = "<group>"; };
		BAC183A8209AE0ED00209CCD /* main.m */ = {isa = PBXFileReference; lastKnownFileType = sourcecode.c.objc; path = main.m; sourceTree = "<group>"; };
		C54FB2756480206C342E0AEE /* Pods-MeMeDa.debug.xcconfig */ = {isa = PBXFileReference; includeInIndex = 1; lastKnownFileType = text.xcconfig; name = "Pods-MeMeDa.debug.xcconfig"; path = "Pods/Target Support Files/Pods-MeMeDa/Pods-MeMeDa.debug.xcconfig"; sourceTree = "<group>"; };
/* End PBXFileReference section */

/* Begin PBXFrameworksBuildPhase section */
		BAC18393209AE0EB00209CCD /* Frameworks */ = {
			isa = PBXFrameworksBuildPhase;
			buildActionMask = 2147483647;
			files = (
				CEE16743979C1BDA74CDF782 /* libPods-MeMeDa.a in Frameworks */,
			);
			runOnlyForDeploymentPostprocessing = 0;
		};
/* End PBXFrameworksBuildPhase section */

/* Begin PBXGroup section */
		BA945D90209AEC13001BE9E1 /* Profiles */ = {
			isa = PBXGroup;
			children = (
				BAC183A8209AE0ED00209CCD /* main.m */,
				BAC183A7209AE0ED00209CCD /* Info.plist */,
				BAC18399209AE0EC00209CCD /* AppDelegate.h */,
				BAC1839A209AE0EC00209CCD /* AppDelegate.m */,
				BA945D91209AEC3A001BE9E1 /* PrefixHeader.pch */,
			);
			path = Profiles;
			sourceTree = "<group>";
		};
		BA945D92209AEDCF001BE9E1 /* Entrance */ = {
			isa = PBXGroup;
			children = (
				BA945D93209AEDF8001BE9E1 /* RegisterViewController.h */,
				BA945D94209AEDF8001BE9E1 /* RegisterViewController.m */,
			);
			path = Entrance;
			sourceTree = "<group>";
		};
		BAC1838D209AE0EB00209CCD = {
			isa = PBXGroup;
			children = (
				BAC18398209AE0EB00209CCD /* MeMeDa */,
				BAC18397209AE0EB00209CCD /* Products */,
				BEFF11BBAFA04AD84552D84D /* Pods */,
				EB5D61D2B668D0FBF80F7471 /* Frameworks */,
			);
			sourceTree = "<group>";
		};
		BAC18397209AE0EB00209CCD /* Products */ = {
			isa = PBXGroup;
			children = (
				BAC18396209AE0EB00209CCD /* MeMeDa.app */,
			);
			name = Products;
			sourceTree = "<group>";
		};
		BAC18398209AE0EB00209CCD /* MeMeDa */ = {
			isa = PBXGroup;
			children = (
				BA945D92209AEDCF001BE9E1 /* Entrance */,
				BA945D90209AEC13001BE9E1 /* Profiles */,
				BAC1839F209AE0EC00209CCD /* Main.storyboard */,
				BAC183A2209AE0ED00209CCD /* Assets.xcassets */,
				BAC183A4209AE0ED00209CCD /* LaunchScreen.storyboard */,
			);
			path = MeMeDa;
			sourceTree = "<group>";
		};
		BEFF11BBAFA04AD84552D84D /* Pods */ = {
			isa = PBXGroup;
			children = (
				C54FB2756480206C342E0AEE /* Pods-MeMeDa.debug.xcconfig */,
				63CE5D31645DCA1716B36334 /* Pods-MeMeDa.release.xcconfig */,
			);
			name = Pods;
			sourceTree = "<group>";
		};
		EB5D61D2B668D0FBF80F7471 /* Frameworks */ = {
			isa = PBXGroup;
			children = (
				50F29EB7810A38620C992E5A /* libPods-MeMeDa.a */,
			);
			name = Frameworks;
			sourceTree = "<group>";
		};
/* End PBXGroup section */

/* Begin PBXNativeTarget section */
		BAC18395209AE0EB00209CCD /* MeMeDa */ = {
			isa = PBXNativeTarget;
			buildConfigurationList = BAC183AC209AE0ED00209CCD /* Build configuration list for PBXNativeTarget "MeMeDa" */;
			buildPhases = (
				5A8801EF229D2AA4F7A17C20 /* [CP] Check Pods Manifest.lock */,
				BAC18392209AE0EB00209CCD /* Sources */,
				BAC18393209AE0EB00209CCD /* Frameworks */,
				BAC18394209AE0EB00209CCD /* Resources */,
				EC9B59BAB136197084A0C846 /* [CP] Copy Pods Resources */,
			);
			buildRules = (
			);
			dependencies = (
			);
			name = MeMeDa;
			productName = MeMeDa;
			productReference = BAC18396209AE0EB00209CCD /* MeMeDa.app */;
			productType = "com.apple.product-type.application";
		};
/* End PBXNativeTarget section */

/* Begin PBXProject section */
		BAC1838E209AE0EB00209CCD /* Project object */ = {
			isa = PBXProject;
			attributes = {
				LastUpgradeCheck = 0930;
				ORGANIZATIONNAME = "镓洲 王";
				TargetAttributes = {
					BAC18395209AE0EB00209CCD = {
						CreatedOnToolsVersion = 9.3;
					};
				};
			};
			buildConfigurationList = BAC18391209AE0EB00209CCD /* Build configuration list for PBXProject "MeMeDa" */;
			compatibilityVersion = "Xcode 9.3";
			developmentRegion = en;
			hasScannedForEncodings = 0;
			knownRegions = (
				en,
				Base,
			);
			mainGroup = BAC1838D209AE0EB00209CCD;
			productRefGroup = BAC18397209AE0EB00209CCD /* Products */;
			projectDirPath = "";
			projectRoot = "";
			targets = (
				BAC18395209AE0EB00209CCD /* MeMeDa */,
			);
		};
/* End PBXProject section */

/* Begin PBXResourcesBuildPhase section */
		BAC18394209AE0EB00209CCD /* Resources */ = {
			isa = PBXResourcesBuildPhase;
			buildActionMask = 2147483647;
			files = (
				BAC183A6209AE0ED00209CCD /* LaunchScreen.storyboard in Resources */,
				BAC183A3209AE0ED00209CCD /* Assets.xcassets in Resources */,
				BAC183A1209AE0EC00209CCD /* Main.storyboard in Resources */,
			);
			runOnlyForDeploymentPostprocessing = 0;
		};
/* End PBXResourcesBuildPhase section */

/* Begin PBXShellScriptBuildPhase section */
		5A8801EF229D2AA4F7A17C20 /* [CP] Check Pods Manifest.lock */ = {
			isa = PBXShellScriptBuildPhase;
			buildActionMask = 2147483647;
			files = (
			);
			inputPaths = (
				"${PODS_PODFILE_DIR_PATH}/Podfile.lock",
				"${PODS_ROOT}/Manifest.lock",
			);
			name = "[CP] Check Pods Manifest.lock";
			outputPaths = (
				"$(DERIVED_FILE_DIR)/Pods-MeMeDa-checkManifestLockResult.txt",
			);
			runOnlyForDeploymentPostprocessing = 0;
			shellPath = /bin/sh;
			shellScript = "diff \"${PODS_PODFILE_DIR_PATH}/Podfile.lock\" \"${PODS_ROOT}/Manifest.lock\" > /dev/null\nif [ $? != 0 ] ; then\n    # print error to STDERR\n    echo \"error: The sandbox is not in sync with the Podfile.lock. Run 'pod install' or update your CocoaPods installation.\" >&2\n    exit 1\nfi\n# This output is used by Xcode 'outputs' to avoid re-running this script phase.\necho \"SUCCESS\" > \"${SCRIPT_OUTPUT_FILE_0}\"\n";
			showEnvVarsInLog = 0;
		};
		EC9B59BAB136197084A0C846 /* [CP] Copy Pods Resources */ = {
			isa = PBXShellScriptBuildPhase;
			buildActionMask = 2147483647;
			files = (
			);
			inputPaths = (
				"${SRCROOT}/Pods/Target Support Files/Pods-MeMeDa/Pods-MeMeDa-resources.sh",
				"${PODS_ROOT}/IQKeyboardManager/IQKeyboardManager/Resources/IQKeyboardManager.bundle",
				"${PODS_ROOT}/SVProgressHUD/SVProgressHUD/SVProgressHUD.bundle",
			);
			name = "[CP] Copy Pods Resources";
			outputPaths = (
				"${TARGET_BUILD_DIR}/${UNLOCALIZED_RESOURCES_FOLDER_PATH}/IQKeyboardManager.bundle",
				"${TARGET_BUILD_DIR}/${UNLOCALIZED_RESOURCES_FOLDER_PATH}/SVProgressHUD.bundle",
			);
			runOnlyForDeploymentPostprocessing = 0;
			shellPath = /bin/sh;
			shellScript = "\"${SRCROOT}/Pods/Target Support Files/Pods-MeMeDa/Pods-MeMeDa-resources.sh\"\n";
			showEnvVarsInLog = 0;
		};
/* End PBXShellScriptBuildPhase section */

/* Begin PBXSourcesBuildPhase section */
		BAC18392209AE0EB00209CCD /* Sources */ = {
			isa = PBXSourcesBuildPhase;
			buildActionMask = 2147483647;
			files = (
				BAC183A9209AE0ED00209CCD /* main.m in Sources */,
				BAC1839B209AE0EC00209CCD /* AppDelegate.m in Sources */,
				BA945D95209AEDF8001BE9E1 /* RegisterViewController.m in Sources */,
			);
			runOnlyForDeploymentPostprocessing = 0;
		};
/* End PBXSourcesBuildPhase section */

/* Begin PBXVariantGroup section */
		BAC1839F209AE0EC00209CCD /* Main.storyboard */ = {
			isa = PBXVariantGroup;
			children = (
				BAC183A0209AE0EC00209CCD /* Base */,
			);
			name = Main.storyboard;
			sourceTree = "<group>";
		};
		BAC183A4209AE0ED00209CCD /* LaunchScreen.storyboard */ = {
			isa = PBXVariantGroup;
			children = (
				BAC183A5209AE0ED00209CCD /* Base */,
			);
			name = LaunchScreen.storyboard;
			sourceTree = "<group>";
		};
/* End PBXVariantGroup section */

/* Begin XCBuildConfiguration section */
		BAC183AA209AE0ED00209CCD /* Debug */ = {
			isa = XCBuildConfiguration;
			buildSettings = {
				ALWAYS_SEARCH_USER_PATHS = NO;
				CLANG_ANALYZER_NONNULL = YES;
				CLANG_ANALYZER_NUMBER_OBJECT_CONVERSION = YES_AGGRESSIVE;
				CLANG_CXX_LANGUAGE_STANDARD = "gnu++14";
				CLANG_CXX_LIBRARY = "libc++";
				CLANG_ENABLE_MODULES = YES;
				CLANG_ENABLE_OBJC_ARC = YES;
				CLANG_ENABLE_OBJC_WEAK = YES;
				CLANG_WARN_BLOCK_CAPTURE_AUTORELEASING = YES;
				CLANG_WARN_BOOL_CONVERSION = YES;
				CLANG_WARN_COMMA = YES;
				CLANG_WARN_CONSTANT_CONVERSION = YES;
				CLANG_WARN_DEPRECATED_OBJC_IMPLEMENTATIONS = YES;
				CLANG_WARN_DIRECT_OBJC_ISA_USAGE = YES_ERROR;
				CLANG_WARN_DOCUMENTATION_COMMENTS = YES;
				CLANG_WARN_EMPTY_BODY = YES;
				CLANG_WARN_ENUM_CONVERSION = YES;
				CLANG_WARN_INFINITE_RECURSION = YES;
				CLANG_WARN_INT_CONVERSION = YES;
				CLANG_WARN_NON_LITERAL_NULL_CONVERSION = YES;
				CLANG_WARN_OBJC_IMPLICIT_RETAIN_SELF = YES;
				CLANG_WARN_OBJC_LITERAL_CONVERSION = YES;
				CLANG_WARN_OBJC_ROOT_CLASS = YES_ERROR;
				CLANG_WARN_RANGE_LOOP_ANALYSIS = YES;
				CLANG_WARN_STRICT_PROTOTYPES = YES;
				CLANG_WARN_SUSPICIOUS_MOVE = YES;
				CLANG_WARN_UNGUARDED_AVAILABILITY = YES_AGGRESSIVE;
				CLANG_WARN_UNREACHABLE_CODE = YES;
				CLANG_WARN__DUPLICATE_METHOD_MATCH = YES;
				CODE_SIGN_IDENTITY = "iPhone Developer";
				COPY_PHASE_STRIP = NO;
				DEBUG_INFORMATION_FORMAT = dwarf;
				ENABLE_STRICT_OBJC_MSGSEND = YES;
				ENABLE_TESTABILITY = YES;
				GCC_C_LANGUAGE_STANDARD = gnu11;
				GCC_DYNAMIC_NO_PIC = NO;
				GCC_NO_COMMON_BLOCKS = YES;
				GCC_OPTIMIZATION_LEVEL = 0;
				GCC_PREPROCESSOR_DEFINITIONS = (
					"DEBUG=1",
					"$(inherited)",
				);
				GCC_WARN_64_TO_32_BIT_CONVERSION = YES;
				GCC_WARN_ABOUT_RETURN_TYPE = YES_ERROR;
				GCC_WARN_UNDECLARED_SELECTOR = YES;
				GCC_WARN_UNINITIALIZED_AUTOS = YES_AGGRESSIVE;
				GCC_WARN_UNUSED_FUNCTION = YES;
				GCC_WARN_UNUSED_VARIABLE = YES;
				IPHONEOS_DEPLOYMENT_TARGET = 11.3;
				MTL_ENABLE_DEBUG_INFO = YES;
				ONLY_ACTIVE_ARCH = YES;
				SDKROOT = iphoneos;
			};
			name = Debug;
		};
		BAC183AB209AE0ED00209CCD /* Release */ = {
			isa = XCBuildConfiguration;
			buildSettings = {
				ALWAYS_SEARCH_USER_PATHS = NO;
				CLANG_ANALYZER_NONNULL = YES;
				CLANG_ANALYZER_NUMBER_OBJECT_CONVERSION = YES_AGGRESSIVE;
				CLANG_CXX_LANGUAGE_STANDARD = "gnu++14";
				CLANG_CXX_LIBRARY = "libc++";
				CLANG_ENABLE_MODULES = YES;
				CLANG_ENABLE_OBJC_ARC = YES;
				CLANG_ENABLE_OBJC_WEAK = YES;
				CLANG_WARN_BLOCK_CAPTURE_AUTORELEASING = YES;
				CLANG_WARN_BOOL_CONVERSION = YES;
				CLANG_WARN_COMMA = YES;
				CLANG_WARN_CONSTANT_CONVERSION = YES;
				CLANG_WARN_DEPRECATED_OBJC_IMPLEMENTATIONS = YES;
				CLANG_WARN_DIRECT_OBJC_ISA_USAGE = YES_ERROR;
				CLANG_WARN_DOCUMENTATION_COMMENTS = YES;
				CLANG_WARN_EMPTY_BODY = YES;
				CLANG_WARN_ENUM_CONVERSION = YES;
				CLANG_WARN_INFINITE_RECURSION = YES;
				CLANG_WARN_INT_CONVERSION = YES;
				CLANG_WARN_NON_LITERAL_NULL_CONVERSION = YES;
				CLANG_WARN_OBJC_IMPLICIT_RETAIN_SELF = YES;
				CLANG_WARN_OBJC_LITERAL_CONVERSION = YES;
				CLANG_WARN_OBJC_ROOT_CLASS = YES_ERROR;
				CLANG_WARN_RANGE_LOOP_ANALYSIS = YES;
				CLANG_WARN_STRICT_PROTOTYPES = YES;
				CLANG_WARN_SUSPICIOUS_MOVE = YES;
				CLANG_WARN_UNGUARDED_AVAILABILITY = YES_AGGRESSIVE;
				CLANG_WARN_UNREACHABLE_CODE = YES;
				CLANG_WARN__DUPLICATE_METHOD_MATCH = YES;
				CODE_SIGN_IDENTITY = "iPhone Developer";
				COPY_PHASE_STRIP = NO;
				DEBUG_INFORMATION_FORMAT = "dwarf-with-dsym";
				ENABLE_NS_ASSERTIONS = NO;
				ENABLE_STRICT_OBJC_MSGSEND = YES;
				GCC_C_LANGUAGE_STANDARD = gnu11;
				GCC_NO_COMMON_BLOCKS = YES;
				GCC_WARN_64_TO_32_BIT_CONVERSION = YES;
				GCC_WARN_ABOUT_RETURN_TYPE = YES_ERROR;
				GCC_WARN_UNDECLARED_SELECTOR = YES;
				GCC_WARN_UNINITIALIZED_AUTOS = YES_AGGRESSIVE;
				GCC_WARN_UNUSED_FUNCTION = YES;
				GCC_WARN_UNUSED_VARIABLE = YES;
				IPHONEOS_DEPLOYMENT_TARGET = 11.3;
				MTL_ENABLE_DEBUG_INFO = NO;
				SDKROOT = iphoneos;
				VALIDATE_PRODUCT = YES;
			};
			name = Release;
		};
		BAC183AD209AE0ED00209CCD /* Debug */ = {
			isa = XCBuildConfiguration;
			baseConfigurationReference = C54FB2756480206C342E0AEE /* Pods-MeMeDa.debug.xcconfig */;
			buildSettings = {
				ASSETCATALOG_COMPILER_APPICON_NAME = AppIcon;
				CODE_SIGN_STYLE = Automatic;
				DEVELOPMENT_TEAM = TYMF5CRH3T;
				GCC_PRECOMPILE_PREFIX_HEADER = YES;
				GCC_PREFIX_HEADER = "$(SRCROOT)/MeMeDa/Profiles/PrefixHeader.pch";
				INFOPLIST_FILE = "$(SRCROOT)/MeMeDa/Profiles/Info.plist";
				LD_RUNPATH_SEARCH_PATHS = (
					"$(inherited)",
					"@executable_path/Frameworks",
				);
				PRODUCT_BUNDLE_IDENTIFIER = com.nemo.MMDa.MeMeDa;
				PRODUCT_NAME = "$(TARGET_NAME)";
				TARGETED_DEVICE_FAMILY = "1,2";
			};
			name = Debug;
		};
		BAC183AE209AE0ED00209CCD /* Release */ = {
			isa = XCBuildConfiguration;
			baseConfigurationReference = 63CE5D31645DCA1716B36334 /* Pods-MeMeDa.release.xcconfig */;
			buildSettings = {
				ASSETCATALOG_COMPILER_APPICON_NAME = AppIcon;
				CODE_SIGN_STYLE = Automatic;
				DEVELOPMENT_TEAM = TYMF5CRH3T;
				GCC_PRECOMPILE_PREFIX_HEADER = YES;
				GCC_PREFIX_HEADER = "$(SRCROOT)/MeMeDa/Profiles/PrefixHeader.pch";
				INFOPLIST_FILE = "$(SRCROOT)/MeMeDa/Profiles/Info.plist";
				LD_RUNPATH_SEARCH_PATHS = (
					"$(inherited)",
					"@executable_path/Frameworks",
				);
				PRODUCT_BUNDLE_IDENTIFIER = com.nemo.MMDa.MeMeDa;
				PRODUCT_NAME = "$(TARGET_NAME)";
				TARGETED_DEVICE_FAMILY = "1,2";
			};
			name = Release;
		};
/* End XCBuildConfiguration section */

/* Begin XCConfigurationList section */
		BAC18391209AE0EB00209CCD /* Build configuration list for PBXProject "MeMeDa" */ = {
			isa = XCConfigurationList;
			buildConfigurations = (
				BAC183AA209AE0ED00209CCD /* Debug */,
				BAC183AB209AE0ED00209CCD /* Release */,
			);
			defaultConfigurationIsVisible = 0;
			defaultConfigurationName = Release;
		};
		BAC183AC209AE0ED00209CCD /* Build configuration list for PBXNativeTarget "MeMeDa" */ = {
			isa = XCConfigurationList;
			buildConfigurations = (
				BAC183AD209AE0ED00209CCD /* Debug */,
				BAC183AE209AE0ED00209CCD /* Release */,
			);
			defaultConfigurationIsVisible = 0;
			defaultConfigurationName = Release;
		};
/* End XCConfigurationList section */
	};
	rootObject = BAC1838E209AE0EB00209CCD /* Project object */;
}
